{
  "version": 2,
  "dependencies": {
    "net10.0": {
      "coverlet.collector": {
        "type": "Direct",
        "requested": "[10.*, )",
        "resolved": "10.1.0",
        "contentHash": "SlYCIHnBYxINSUpR75SiM5JEmnx11pqT+Ac/C/fUqTTA0dLPl9eYzmFXKKuxmQhL3ZdTQl4PBD3YdAxAauaKLQ=="
      },
      "Microsoft.CodeAnalysis.CSharp": {
        "type": "Direct",
        "requested": "[5.0.0, )",
        "resolved": "5.0.0",
        "contentHash": "5DSyJ9bk+ATuDy7fp2Zt0mJStDVKbBoiz1DyfAwSa+k4H4IwykAUcV3URelw5b8/iVbfSaOwkwmPUZH6opZKCw==",
        "dependencies": {
          "Microsoft.CodeAnalysis.Analyzers": "3.11.0",
          "Microsoft.CodeAnalysis.Common": "[5.0.0]"
        }
      },
      "Microsoft.CodeAnalysis.CSharp.Analyzer.Testing": {
        "type": "Direct",
        "requested": "[1.1.4, )",
        "resolved": "1.1.4",
        "contentHash": "7VhTi95r0MA4XtOHJZS7ZtLbjL8GGRjQYAa9h7gq2msyE9GaI9wOh/9Obw8ObPGIrGt0ii2KEWGILuwz9drcDQ==",
        "dependencies": {
          "Microsoft.CodeAnalysis.Analyzer.Testing": "[1.1.4]",
          "Microsoft.CodeAnalysis.CSharp.Workspaces": "1.0.1"
        }
      },
      "Microsoft.CodeAnalysis.CSharp.Workspaces": {
        "type": "Direct",
        "requested": "[5.0.0, )",
        "resolved": "5.0.0",
        "contentHash": "Al/Q8B+yO8odSqGVpSvrShMFDvlQdIBU//F3E6Rb0YdiLSALE9wh/pvozPNnfmh5HDnvU+mkmSjpz4hQO++jaA==",
        "dependencies": {
          "Humanizer.Core": "2.14.1",
          "Microsoft.CodeAnalysis.Analyzers": "3.11.0",
          "Microsoft.CodeAnalysis.CSharp": "[5.0.0]",
          "Microsoft.CodeAnalysis.Common": "[5.0.0]",
          "Microsoft.CodeAnalysis.Workspaces.Common": "[5.0.0]",
          "System.Composition": "9.0.0"
        }
      },
      "Microsoft.NET.Test.Sdk": {
        "type": "Direct",
        "requested": "[18.*, )",
        "resolved": "18.10.1",
        "contentHash": "SxCFvJE/2ltUQgCgv6+Ixagohw4sZc9hM7Wid2foaNM7paBscktoHLoRDz91fW8wbHG87Rg9Ku59/8PXumqUrA==",
        "dependencies": {
          "Microsoft.CodeCoverage": "18.10.1",
          "Microsoft.TestPlatform.TestHost": "18.10.1"
        }
      },
      "xunit": {
        "type": "Direct",
        "requested": "[2.*, )",
        "resolved": "2.9.3",
        "contentHash": "TlXQBinK35LpOPKHAqbLY4xlEen9TBafjs0V5KnA4wZsoQLQJiirCR4CbIXvOH8NzkW4YeJKP5P/Bnrodm0h9Q==",
        "dependencies": {
          "xunit.analyzers": "1.18.0",
          "xunit.assert": "2.9.3",
          "xunit.core": "[2.9.3]"
        }
      },
      "xunit.runner.visualstudio": {
        "type": "Direct",
        "requested": "[4.*, )",
        "resolved": "4.0.0",
        "contentHash": "kzLFyBYUnoidpGOXvpNOfIo8C92gVgVR6X8ncHwhcrDYugiOut5rrhDkr0L3cWHd7J2pKXf6LgaeXoBBDlx1ag=="
      },
      "DiffPlex": {
        "type": "Transitive",
        "resolved": "1.7.2",
        "contentHash": "qJEjdxEDBWSFZGB8paBB9HDeJXHGlHlOXeGX3kbTuXWuOsgv2iSAEOOzo5V1/B39Vcxr9IVVrNKewRcX+rsn4g=="
      },
      "Humanizer.Core": {
        "type": "Transitive",
        "resolved": "2.14.1",
        "contentHash": "lQKvtaTDOXnoVJ20ibTuSIOf2i0uO0MPbDhd1jm238I+U/2ZnRENj0cktKZhtchBMtCUSRQ5v4xBCUbKNmyVMw=="
      },
      "Microsoft.AspNetCore.Cryptography.Internal": {
        "type": "Transitive",
        "resolved": "10.0.12",
        "contentHash": "6i8dT0QU94k6fPkxDAvOUETum2INkULnO60bHAUQU74S+FAq69IU/78HPsnfSV214nivwJuNuJf9R4cPd9K8Rg=="
      },
      "Microsoft.AspNetCore.Cryptography.KeyDerivation": {
        "type": "Transitive",
        "resolved": "10.0.12",
        "contentHash": "nlzGX5486fMAHH9nIoIQd6bFg1rITB+oks/Sm3E/J+906Gs3fWYcz0OG/7a6inuOuTNOrwpPjt0HFjgQS6L8nA==",
        "dependencies": {
          "Microsoft.AspNetCore.Cryptography.Internal": "10.0.12"
        }
      },
      "Microsoft.AspNetCore.DataProtection": {
        "type": "Transitive",
        "resolved": "10.0.12",
        "contentHash": "xafwaJhwtDiwlXvaW66eo5/fQ6hBVfO5dnE0EpOjKCrkwZB+LUyVSJ4k+XhH2+Yc8dl3TN7LzvHiYlJ3aub1Jw==",
        "dependencies": {
          "Microsoft.AspNetCore.Cryptography.Internal": "10.0.12",
          "Microsoft.AspNetCore.DataProtection.Abstractions": "10.0.12",
          "Microsoft.Extensions.DependencyInjection.Abstractions": "10.0.12",
          "Microsoft.Extensions.Hosting.Abstractions": "10.0.12",
          "Microsoft.Extensions.Logging.Abstractions": "10.0.12",
          "Microsoft.Extensions.Options": "10.0.12",
          "System.Security.Cryptography.Xml": "10.0.12"
        }
      },
      "Microsoft.AspNetCore.DataProtection.Abstractions": {
        "type": "Transitive",
        "resolved": "10.0.12",
        "contentHash": "r9Rcg9xjKrTmYYHLqb7Ur64xkP8LzR+0EkxkKHqNIjGHFMgr/AuXxNuGXxZd2ScjPjwXM+VxfGfG7DPnYibkfw=="
      },
      "Microsoft.Bcl.Cryptography": {
        "type": "Transitive",
        "resolved": "10.0.2",
        "contentHash": "LG9Yll3B5aNpxv0+D47g6LiOiKBIlodhcHdQwcYzo8VeexFLGqx5ymetmA2aBRyo9cCcWsQWrFsdbsr8LvmWDw=="
      },
      "Microsoft.CodeAnalysis.Analyzer.Testing": {
        "type": "Transitive",
        "resolved": "1.1.4",
        "contentHash": "IQoZbcXE7uVLngTtFFkSnh813ItZj4+nDfW7L0F1p9YaTlpefyL+poge3J1+eRSgreiFpBmTK4HI/kZhGJMVNg==",
        "dependencies": {
          "DiffPlex": "1.7.2",
          "Microsoft.CodeAnalysis.Workspaces.Common": "1.0.1",
          "Microsoft.VisualStudio.Composition": "16.1.8",
          "NuGet.Common": "7.0.3",
          "NuGet.Packaging": "7.0.3",
          "NuGet.Protocol": "7.0.3",
          "NuGet.Resolver": "7.0.3"
        }
      },
      "Microsoft.CodeAnalysis.Analyzers": {
        "type": "Transitive",
        "resolved": "3.11.0",
        "contentHash": "v/EW3UE8/lbEYHoC2Qq7AR/DnmvpgdtAMndfQNmpuIMx/Mto8L5JnuCfdBYtgvalQOtfNCnxFejxuRrryvUTsg=="
      },
      "Microsoft.CodeAnalysis.Common": {
        "type": "Transitive",
        "resolved": "5.0.0",
        "contentHash": "ZXRAdvH6GiDeHRyd3q/km8Z44RoM6FBWHd+gen/la81mVnAdHTEsEkO5J0TCNXBymAcx5UYKt5TvgKBhaLJEow==",
        "dependencies": {
          "Microsoft.CodeAnalysis.Analyzers": "3.11.0"
        }
      },
      "Microsoft.CodeAnalysis.Workspaces.Common": {
        "type": "Transitive",
        "resolved": "5.0.0",
        "contentHash": "ZbUmIvT6lqTNKiv06Jl5wf0MTMi1vQ1oH7ou4CLcs2C/no/L7EhP3T8y3XXvn9VbqMcJaJnEsNA1jwYUMgc5jg==",
        "dependencies": {
          "Humanizer.Core": "2.14.1",
          "Microsoft.CodeAnalysis.Analyzers": "3.11.0",
          "Microsoft.CodeAnalysis.Common": "[5.0.0]",
          "System.Composition": "9.0.0"
        }
      },
      "Microsoft.CodeCoverage": {
        "type": "Transitive",
        "resolved": "18.10.1",
        "contentHash": "tV7tCyp/t+DuwQugLkCeUN7NBFFB4fEGRPr0gkMQ2nQgAvQQjmGlZZi1dsLzbyoe/A0mbnKybmkIh8qhT9p4Zw=="
      },
      "Microsoft.EntityFrameworkCore.Abstractions": {
        "type": "Transitive",
        "resolved": "10.0.12",
        "contentHash": "kDrux7T6C3V/YYYe2LXr7x6AEsVyq5Y2YoTE9er1SwbDtap3z1g8RgxNh5eKQVyB4T+DKvBBJ4Ezd/VZzJQJZg=="
      },
      "Microsoft.EntityFrameworkCore.Analyzers": {
        "type": "Transitive",
        "resolved": "10.0.12",
        "contentHash": "Kd4o2oO1A6dfKxjz5LS16QyLtpCFTUiFWwmBABETAXRsSImBdRdWeKjSgbbRhAMiV3a3/nWr95ZtzClT4uaADQ=="
      },
      "Microsoft.EntityFrameworkCore.Relational": {
        "type": "Transitive",
        "resolved": "10.0.12",
        "contentHash": "OiHmr8XzX96dbgMsYGe8qoqg4KxibdZG2r0QUVJBGktFInOp8IrABe8jvcbo5hrqeWfbwpK7fCEBiEPbY/ik4A==",
        "dependencies": {
          "Microsoft.EntityFrameworkCore": "10.0.12",
          "Microsoft.Extensions.Caching.Memory": "10.0.12",
          "Microsoft.Extensions.Configuration.Abstractions": "10.0.12",
          "Microsoft.Extensions.Logging": "10.0.12"
        }
      },
      "Microsoft.Extensions.Caching.Abstractions": {
        "type": "Transitive",
        "resolved": "10.0.12",
        "contentHash": "sI3A6MUAyZwccLnwq0cXuRmC3WBtXieimBWafXSfhRJ4jnM2uGVXrqImDDVyW27u4vVaTOGlJxNJd8d1FGvCNQ==",
        "dependencies": {
          "Microsoft.Extensions.Primitives": "10.0.12"
        }
      },
      "Microsoft.Extensions.Caching.Memory": {
        "type": "Transitive",
        "resolved": "10.0.12",
        "contentHash": "fhC3DHcBcFF4bXvHIxFtXJYNut7q7ZItqNFcgWfrIgmpVImlcEKNHhE7ztpNSPJYMHYYStS5QGND2I5mC26yeA==",
        "dependencies": {
          "Microsoft.Extensions.Caching.Abstractions": "10.0.12",
          "Microsoft.Extensions.DependencyInjection.Abstractions": "10.0.12",
          "Microsoft.Extensions.Logging.Abstractions": "10.0.12",
          "Microsoft.Extensions.Options": "10.0.12",
          "Microsoft.Extensions.Primitives": "10.0.12"
        }
      },
      "Microsoft.Extensions.Configuration": {
        "type": "Transitive",
        "resolved": "10.0.12",
        "contentHash": "e3IPP32CRNL031VZJAUTlCTG0YN7WFh4mN3fsSHTDQCJB+3+f0jGycv4fXk3rrftaY3B85XrQaj7sRthrOsavg==",
        "dependencies": {
          "Microsoft.Extensions.Configuration.Abstractions": "10.0.12",
          "Microsoft.Extensions.Primitives": "10.0.12"
        }
      },
      "Microsoft.Extensions.Configuration.Abstractions": {
        "type": "Transitive",
        "resolved": "10.0.12",
        "contentHash": "8xaGcvS/qZ1otoxPQCEJkNva389CVL/plNcvIETZhQTETYdRkYDPEYhUMoAGONo4FU45ufdfE0j29AfWVVj0wA==",
        "dependencies": {
          "Microsoft.Extensions.Primitives": "10.0.12"
        }
      },
      "Microsoft.Extensions.Configuration.Binder": {
        "type": "Transitive",
        "resolved": "10.0.12",
        "contentHash": "dAgIf1TOr8KLs+aBRIbXUZBjHoSH4rDG8+XkX/Q6AZwkQdMA0+yPDKTHsieeXdZDfpOpZVHzOnuAb5Z2nX3KsA==",
        "dependencies": {
          "Microsoft.Extensions.Configuration": "10.0.12",
          "Microsoft.Extensions.Configuration.Abstractions": "10.0.12"
        }
      },
      "Microsoft.Extensions.DependencyInjection": {
        "type": "Transitive",
        "resolved": "10.0.12",
        "contentHash": "lXyK2O5GoYvfxW8eCFcD16JFbcoSTM1sJkAM0UHS1jZyl9NYMW64Tqm6OQFT0IDBjZi+xHt95/Zg+nxZhGFhZg==",
        "dependencies": {
          "Microsoft.Extensions.DependencyInjection.Abstractions": "10.0.12"
        }
      },
      "Microsoft.Extensions.DependencyInjection.Abstractions": {
        "type": "Transitive",
        "resolved": "10.0.12",
        "contentHash": "9/qymSh7hVDMGTGwrLz8MRp5zRyXy9adGDOs4HwRdnLil3oZGYuWeZjbmHgCQ9BL1qBroVfgUK3U/nb61617Cw=="
      },
      "Microsoft.Extensions.Diagnostics": {
        "type": "Transitive",
        "resolved": "10.0.12",
        "contentHash": "amx0O/R4dReqKlC3T740+CHpX8D8tAIV0f5kAPfFi4XK9jYo9BSepGt9/rWfvvCoSMaZ1+XvnqPp/Vv2fmTdAg==",
        "dependencies": {
          "Microsoft.Extensions.Configuration": "10.0.12",
          "Microsoft.Extensions.Diagnostics.Abstractions": "10.0.12",
          "Microsoft.Extensions.Options.ConfigurationExtensions": "10.0.12"
        }
      },
      "Microsoft.Extensions.Diagnostics.Abstractions": {
        "type": "Transitive",
        "resolved": "10.0.12",
        "contentHash": "fMp91qlRlMOuHfMyp7LuAnOS+MOeWTF1obJmyFcs4nZCXu6pr+QB1AbFJcl2qpBltBrqF/Y7+Rn9IuNcSuctig==",
        "dependencies": {
          "Microsoft.Extensions.DependencyInjection.Abstractions": "10.0.12",
          "Microsoft.Extensions.Options": "10.0.12"
        }
      },
      "Microsoft.Extensions.FileProviders.Abstractions": {
        "type": "Transitive",
        "resolved": "10.0.12",
        "contentHash": "iQseV6HixWzEYQH4i++84ToIroXnM5jC1TJF4EqBz3lWNG1HBTMYDLkRb6Wm3wk5V6WqSfl7NukO/LYsloGyfg==",
        "dependencies": {
          "Microsoft.Extensions.Primitives": "10.0.12"
        }
      },
      "Microsoft.Extensions.Hosting.Abstractions": {
        "type": "Transitive",
        "resolved": "10.0.12",
        "contentHash": "ZlIxIJtWmrph0Ikj0svSaTkZ+d+ZYpTAhazpf1b3aoFRmlNnNWwkcvqnqT9yKHjKvfBRthvUrkq11OxfItOhpg==",
        "dependencies": {
          "Microsoft.Extensions.Configuration.Abstractions": "10.0.12",
          "Microsoft.Extensions.DependencyInjection.Abstractions": "10.0.12",
          "Microsoft.Extensions.Diagnostics.Abstractions": "10.0.12",
          "Microsoft.Extensions.FileProviders.Abstractions": "10.0.12",
          "Microsoft.Extensions.Logging.Abstractions": "10.0.12"
        }
      },
      "Microsoft.Extensions.Identity.Core": {
        "type": "Transitive",
        "resolved": "10.0.12",
        "contentHash": "LSAF4Wss2uRbS88TsmyyKw00NThc78RIJ6Y1FIU+Hmo7KOPxyBVg9nvFXErrm9vTFWdIIiLX16fmjM1lfdXCTw==",
        "dependencies": {
          "Microsoft.AspNetCore.Cryptography.KeyDerivation": "10.0.12",
          "Microsoft.Extensions.Diagnostics": "10.0.12",
          "Microsoft.Extensions.Logging": "10.0.12",
          "Microsoft.Extensions.Options": "10.0.12"
        }
      },
      "Microsoft.Extensions.Identity.Stores": {
        "type": "Transitive",
        "resolved": "10.0.12",
        "contentHash": "HhUHz5hKvkBlhr/TKvUw/mSpZiR+kv/GSrnJHb0v7wMCKXweMwO5HvdF6agqNBIGr2FxqaGDJRBEvFrw6ZMbdQ==",
        "dependencies": {
          "Microsoft.Extensions.Caching.Abstractions": "10.0.12",
          "Microsoft.Extensions.Identity.Core": "10.0.12",
          "Microsoft.Extensions.Logging": "10.0.12"
        }
      },
      "Microsoft.Extensions.Logging": {
        "type": "Transitive",
        "resolved": "10.0.12",
        "contentHash": "6I46fTPfgYkrjRYfRXbho9WOvOelTnNjWuZws/hzGHDASH1LEJeA4VKK9k3wJvido8o7jJSB5WkMTonX7HM1bA==",
        "dependencies": {
          "Microsoft.Extensions.DependencyInjection": "10.0.12",
          "Microsoft.Extensions.Logging.Abstractions": "10.0.12",
          "Microsoft.Extensions.Options": "10.0.12"
        }
      },
      "Microsoft.Extensions.Options": {
        "type": "Transitive",
        "resolved": "10.0.12",
        "contentHash": "TDYD33TSRpXKZWlmTXNlj5kCihxatmv2Ec1u6C+bMYLphCS7PoSLE9Pjd/nunDoE7yETk+LLKjVJX78HYtWjpA==",
        "dependencies": {
          "Microsoft.Extensions.DependencyInjection.Abstractions": "10.0.12",
          "Microsoft.Extensions.Primitives": "10.0.12"
        }
      },
      "Microsoft.Extensions.Options.ConfigurationExtensions": {
        "type": "Transitive",
        "resolved": "10.0.12",
        "contentHash": "rqpu4qj5WE9x1IHGXSIgHBKi7IUlQaHyp4aXCYIanG2OghlUMFZpZTgExaXwcvmLAJHsxKQWMPpc7D2WIbCVtA==",
        "dependencies": {
          "Microsoft.Extensions.Configuration.Abstractions": "10.0.12",
          "Microsoft.Extensions.Configuration.Binder": "10.0.12",
          "Microsoft.Extensions.DependencyInjection.Abstractions": "10.0.12",
          "Microsoft.Extensions.Options": "10.0.12",
          "Microsoft.Extensions.Primitives": "10.0.12"
        }
      },
      "Microsoft.Extensions.Primitives": {
        "type": "Transitive",
        "resolved": "10.0.12",
        "contentHash": "dYfCLR52UA+3DL7C4I/pvSaRPkNqxrUAQmbFL2u0zvYKKzqgrFCJl08Df+F1aYc8leu9JvpC9bsURUdpExcBXQ=="
      },
      "Microsoft.IdentityModel.Abstractions": {
        "type": "Transitive",
        "resolved": "8.23.0",
        "contentHash": "JjiBkKj12OKvuWr+kB5sQwb7fmWW5bi03Mq/rd2Fu/7YwZ1RWQO9KhI9lBxki4o1VvY0wzqny8c7nwx1uuZzVg=="
      },
      "Microsoft.IdentityModel.JsonWebTokens": {
        "type": "Transitive",
        "resolved": "8.23.0",
        "contentHash": "ePEm+mv5iswzckE3mygh52uFUeQpVlHa1B10nS4jpEyNV5tL1mLgRS9U5sMaRlhsPRsZ1DJP0+FhxSrOIfMGIg==",
        "dependencies": {
          "Microsoft.IdentityModel.Tokens": "8.23.0"
        }
      },
      "Microsoft.IdentityModel.Logging": {
        "type": "Transitive",
        "resolved": "8.23.0",
        "contentHash": "wSXXOoV4b4hhRcC492jyNBZkO0LWrcWtWP5Cl5ujrON3vTMlufXDT39gTZfBhFAZCV2XJtNU6DLHMDR6E9YpUg==",
        "dependencies": {
          "Microsoft.IdentityModel.Abstractions": "8.23.0"
        }
      },
      "Microsoft.IdentityModel.Protocols": {
        "type": "Transitive",
        "resolved": "8.19.2",
        "contentHash": "sGxSsSrZXNmca6D+jHH2rVRyo2nNRd/g4H9CFbPmLLq0xgoH1U0orLWE5minfijw7+zq49tBs7txenbfAErRoQ==",
        "dependencies": {
          "Microsoft.IdentityModel.Tokens": "8.19.2"
        }
      },
      "Microsoft.IdentityModel.Tokens": {
        "type": "Transitive",
        "resolved": "8.23.0",
        "contentHash": "PUowLq8gqICt+oepHWmKBOJmnVmWoQ5dOVn2CgwFMBZZOAEMHgCQLWs8ONYdsjAyjhDHaFy+AAx0OMG/oV06Zw==",
        "dependencies": {
          "Microsoft.Bcl.Cryptography": "10.0.2",
          "Microsoft.Extensions.Logging.Abstractions": "8.0.0",
          "Microsoft.IdentityModel.Logging": "8.23.0"
        }
      },
      "Microsoft.TestPlatform.ObjectModel": {
        "type": "Transitive",
        "resolved": "18.10.1",
        "contentHash": "o+PuLDRVp1iwiVAPBADZItXgm9Ck23XtPhE4kZtZVi0uYnMiiz1Dx9Cjh75kJ+ijfqnORL3VOTOaQVKi0f/ixg=="
      },
      "Microsoft.TestPlatform.TestHost": {
        "type": "Transitive",
        "resolved": "18.10.1",
        "contentHash": "KYz2omqkoz9E2mWa4fdgT+Ycie1wi5968EmyJlusjlp87RxxtA2FvDm8tcBEYIDzLnkWGnsKjE4d13Z7/rxkQA==",
        "dependencies": {
          "Microsoft.TestPlatform.ObjectModel": "18.10.1"
        }
      },
      "Microsoft.VisualStudio.Composition": {
        "type": "Transitive",
        "resolved": "16.1.8",
        "contentHash": "N+thv3dcT7kjn0Xz3U0uBm2CH4uoaMvH8wC6Gy2HWx7HLNdEpqGoMraLyoBdizmypD1owLCJQIa2uKmWe4/o8A==",
        "dependencies": {
          "Microsoft.VisualStudio.Composition.NetFxAttributes": "16.1.8",
          "Microsoft.VisualStudio.Validation": "15.0.82",
          "System.Composition": "1.0.31"
        }
      },
      "Microsoft.VisualStudio.Composition.NetFxAttributes": {
        "type": "Transitive",
        "resolved": "16.1.8",
        "contentHash": "EbwZWTvdzit68qZSuTI8nd1PZ87pYjhpCwtsis8lrUKJ7XLdbE5rxY6YrY7OFze+YUsguzqZlNjX4Yn5nL9qBw==",
        "dependencies": {
          "System.ComponentModel.Composition": "4.5.0"
        }
      },
      "Microsoft.VisualStudio.Validation": {
        "type": "Transitive",
        "resolved": "15.0.82",
        "contentHash": "XwZyVCsHuEtnd6nYScJnA8XkXPzy4Ok0DV5/hqqAe5ccgOhJ6yap7Qh/sU/i6QxEzuYyECPYDQ7IOyEQ3yRQgQ=="
      },
      "Newtonsoft.Json": {
        "type": "Transitive",
        "resolved": "13.0.3",
        "contentHash": "HrC5BXdl00IP9zeV+0Z848QWPAoCr9P3bDEZguI+gkLcBKAOxix/tLEAAHC+UvDNPv4a2d18lOReHMOagPa+zQ=="
      },
      "Npgsql": {
        "type": "Transitive",
        "resolved": "10.0.3",
        "contentHash": "7nb5YzXuvWWJxB0J8DiyL3we+X4FOctZrt0fIBnucOIaIevFEEwGQVZKtiu9olXdlNAK1eNgqSral6r/jlhI4w==",
        "dependencies": {
          "Microsoft.Extensions.Logging.Abstractions": "10.0.0"
        }
      },
      "NuGet.Common": {
        "type": "Transitive",
        "resolved": "7.0.3",
        "contentHash": "vFBP1TkmeFxUjOqlGn7M3QbZfsg+hyFcCUFy8hPCdmk9VPhFQPwUMH4zKZnd8Bf8x89CFnpRXb8EC6tmWfDgNA==",
        "dependencies": {
          "NuGet.Frameworks": "7.0.3"
        }
      },
      "NuGet.Configuration": {
        "type": "Transitive",
        "resolved": "7.0.3",
        "contentHash": "DZC5/eP6X0qDU4FK1X318nT9gBmjbBOQxphEFnn67B5kKi1/ODRANGOlnNn0tUkZDFtPtLl7gC6bfnf/cM7j5Q==",
        "dependencies": {
          "NuGet.Common": "7.0.3",
          "System.Security.Cryptography.ProtectedData": "9.0.6"
        }
      },
      "NuGet.Frameworks": {
        "type": "Transitive",
        "resolved": "7.0.3",
        "contentHash": "JsV24AwAS93mQhlJr1Fx9zGHO6dVkexYp8ZZoDuoIBLyN9KwPEZOqo2SJVq0k2EPYO2oomj96Ue2yrO0hMOHrw=="
      },
      "NuGet.Packaging": {
        "type": "Transitive",
        "resolved": "7.0.3",
        "contentHash": "eMdAeZU4ugSC5WwO2u9CcY+jBjt/E6YunQ25oO6M5mM5A5+5QM1AdfoZPtFfwCuIgb/tbY52ciGOAXpBAqLVDA==",
        "dependencies": {
          "Newtonsoft.Json": "13.0.3",
          "NuGet.Configuration": "7.0.3",
          "NuGet.Versioning": "7.0.3",
          "System.Security.Cryptography.Pkcs": "9.0.6"
        }
      },
      "NuGet.Protocol": {
        "type": "Transitive",
        "resolved": "7.0.3",
        "contentHash": "B9BwrQ0sOsSuCFijIL1LmX/hVVIhDf1WmI86neWak1yVvQ2r13TuFbMok6LXUM5htU8890XinB5ouE5hMHaxTA==",
        "dependencies": {
          "NuGet.Packaging": "7.0.3"
        }
      },
      "NuGet.Resolver": {
        "type": "Transitive",
        "resolved": "7.0.3",
        "contentHash": "3L5FNJmHSBhHQms7YKrrMjPn5Q1iTgi0Ws0nyYN0cPeGKpA4p4Ey3X9oWWqz9FspTI7IqiPEu79NB7ipBYafvw==",
        "dependencies": {
          "NuGet.Protocol": "7.0.3"
        }
      },
      "NuGet.Versioning": {
        "type": "Transitive",
        "resolved": "7.0.3",
        "contentHash": "jwZmJzau0kUTxUvtmjbEXyvhx0ui9wGPByDT8qV3qDSVK9rChgsSeZqb1Bybu258G9urdEcE9HqZCdRbi7h9BA=="
      },
      "OpenIddict.Abstractions": {
        "type": "Transitive",
        "resolved": "7.7.1",
        "contentHash": "dgb+2dGHzwjVUs7Jc8Dt3PQurVCEllX8XW8+WPmdB1eV5IKRoAZyiJyp3mgFOR1sk/jvilPqnMzQYGkVNVf66Q==",
        "dependencies": {
          "Microsoft.Extensions.DependencyInjection.Abstractions": "10.0.11",
          "Microsoft.Extensions.Primitives": "10.0.11",
          "Microsoft.IdentityModel.Tokens": "8.19.2"
        }
      },
      "OpenIddict.Core": {
        "type": "Transitive",
        "resolved": "7.7.1",
        "contentHash": "TLk8u4zZ9IvTpTYV+a6nX1eBpnPR5E3seMPGcArXhfBK0VTImWWzPbcdx+GxiPxyq7+8iOg05uIJt7FsRwDpZg==",
        "dependencies": {
          "Microsoft.Extensions.Caching.Memory": "10.0.11",
          "Microsoft.Extensions.Logging": "10.0.11",
          "Microsoft.Extensions.Options": "10.0.11",
          "OpenIddict.Abstractions": "7.7.1"
        }
      },
      "OpenIddict.EntityFrameworkCore.Models": {
        "type": "Transitive",
        "resolved": "7.7.1",
        "contentHash": "DjJ5/7TBV7q7zB43v7em73nQBIacid5hxtlZzLnuWBg7kzvlBlUvvmgEhW/asoMBT3sR2nEyufB0wKOnn1niXQ=="
      },
      "OpenIddict.Server": {
        "type": "Transitive",
        "resolved": "7.7.1",
        "contentHash": "Se5+zNefCR9VpRPudmXOVJ6z79rSdEx+PvlPn1fGvKhLW6cqT5w8q8lPdRKe+zdiyAEXpSg+K5m6lTSpVqYOWA==",
        "dependencies": {
          "Microsoft.Extensions.Logging": "10.0.11",
          "Microsoft.IdentityModel.JsonWebTokens": "8.19.2",
          "OpenIddict.Abstractions": "7.7.1"
        }
      },
      "OpenIddict.Validation": {
        "type": "Transitive",
        "resolved": "7.7.1",
        "contentHash": "09FOsvek+iSKrNbEehH2c1uBWSFurZk1U8vyTKk5aiaCV2bbj+j/68KRA/iHOgSe8qV3+0ZrquhmjFMpcojVSw==",
        "dependencies": {
          "Microsoft.Extensions.Logging": "10.0.11",
          "Microsoft.IdentityModel.JsonWebTokens": "8.19.2",
          "Microsoft.IdentityModel.Protocols": "8.19.2",
          "OpenIddict.Abstractions": "7.7.1"
        }
      },
      "RESPite": {
        "type": "Transitive",
        "resolved": "3.3.1",
        "contentHash": "1Ky6rOjP9YjA8eXWWSJDTSRgVQiRXwsKnET+X5hDuONJqq8KbYLQrTUjMg8gsdyKzwj74ivEioTuQd4mVhthdQ=="
      },
      "Serilog": {
        "type": "Transitive",
        "resolved": "4.2.0",
        "contentHash": "gmoWVOvKgbME8TYR+gwMf7osROiWAURterc6Rt2dQyX7wtjZYpqFiA/pY6ztjGQKKV62GGCyOcmtP1UKMHgSmA=="
      },
      "System.ComponentModel.Composition": {
        "type": "Transitive",
        "resolved": "4.5.0",
        "contentHash": "+iB9FoZnfdqMEGq6np28X6YNSUrse16CakmIhV3h6PxEWt7jYxUN3Txs1D8MZhhf4QmyvK0F/EcIN0f4gGN0dA==",
        "dependencies": {
          "System.Security.Permissions": "4.5.0"
        }
      },
      "System.Composition": {
        "type": "Transitive",
        "resolved": "9.0.0",
        "contentHash": "3Djj70fFTraOarSKmRnmRy/zm4YurICm+kiCtI0dYRqGJnLX6nJ+G3WYuFJ173cAPax/gh96REcbNiVqcrypFQ==",
        "dependencies": {
          "System.Composition.AttributedModel": "9.0.0",
          "System.Composition.Convention": "9.0.0",
          "System.Composition.Hosting": "9.0.0",
          "System.Composition.Runtime": "9.0.0",
          "System.Composition.TypedParts": "9.0.0"
        }
      },
      "System.Composition.AttributedModel": {
        "type": "Transitive",
        "resolved": "9.0.0",
        "contentHash": "iri00l/zIX9g4lHMY+Nz0qV1n40+jFYAmgsaiNn16xvt2RDwlqByNG4wgblagnDYxm3YSQQ0jLlC/7Xlk9CzyA=="
      },
      "System.Composition.Convention": {
        "type": "Transitive",
        "resolved": "9.0.0",
        "contentHash": "+vuqVP6xpi582XIjJi6OCsIxuoTZfR0M7WWufk3uGDeCl3wGW6KnpylUJ3iiXdPByPE0vR5TjJgR6hDLez4FQg==",
        "dependencies": {
          "System.Composition.AttributedModel": "9.0.0"
        }
      },
      "System.Composition.Hosting": {
        "type": "Transitive",
        "resolved": "9.0.0",
        "contentHash": "OFqSeFeJYr7kHxDfaViGM1ymk7d4JxK//VSoNF9Ux0gpqkLsauDZpu89kTHHNdCWfSljbFcvAafGyBoY094btQ==",
        "dependencies": {
          "System.Composition.Runtime": "9.0.0"
        }
      },
      "System.Composition.Runtime": {
        "type": "Transitive",
        "resolved": "9.0.0",
        "contentHash": "w1HOlQY1zsOWYussjFGZCEYF2UZXgvoYnS94NIu2CBnAGMbXFAX8PY8c92KwUItPmowal68jnVLBCzdrWLeEKA=="
      },
      "System.Composition.TypedParts": {
        "type": "Transitive",
        "resolved": "9.0.0",
        "contentHash": "aRZlojCCGEHDKqh43jaDgaVpYETsgd7Nx4g1zwLKMtv4iTo0627715ajEFNpEEBTgLmvZuv8K0EVxc3sM4NWJA==",
        "dependencies": {
          "System.Composition.AttributedModel": "9.0.0",
          "System.Composition.Hosting": "9.0.0",
          "System.Composition.Runtime": "9.0.0"
        }
      },
      "System.IO.Hashing": {
        "type": "Transitive",
        "resolved": "10.0.12",
        "contentHash": "jDix4bBMYnpZdSPcnY+KDV6ik3SRMzpMKby/bZl/XUwIiflwRNAFZ0oOl61R/pSaveIJ8t1gs2BUlrGsPs/bcg=="
      },
      "System.Security.Cryptography.Pkcs": {
        "type": "Transitive",
        "resolved": "10.0.12",
        "contentHash": "W6BsawU2tB2qy6u4+3cBOSOmiTUgYWW365b5WMVA1bDxQwZZeNWD+qufKJkDQNKzAKq4b6Q04DDKhmr2SNJ1eg=="
      },
      "System.Security.Cryptography.ProtectedData": {
        "type": "Transitive",
        "resolved": "9.0.6",
        "contentHash": "yErfw/3pZkJE/VKza/Cm5idTpIKOy/vsmVi59Ta5SruPVtubzxb8CtnE8tyUpzs5pr0Y28GUFfSVzAhCLN3F/Q=="
      },
      "System.Security.Cryptography.Xml": {
        "type": "Transitive",
        "resolved": "10.0.12",
        "contentHash": "T3snzcc04R1JDj2XmzrLyk5fHT0YroBz5o2P+YdyJKYePSMqp8JsrxEJQPvUnK6oozQBvKLki9vnI7uMuWepKQ==",
        "dependencies": {
          "System.Security.Cryptography.Pkcs": "10.0.12"
        }
      },
      "System.Security.Permissions": {
        "type": "Transitive",
        "resolved": "4.5.0",
        "contentHash": "9gdyuARhUR7H+p5CjyUB/zPk7/Xut3wUSP8NJQB6iZr8L3XUXTMdoLeVAg9N4rqF8oIpE7MpdqHdDHQ7XgJe0g=="
      },
      "xunit.abstractions": {
        "type": "Transitive",
        "resolved": "2.0.3",
        "contentHash": "pot1I4YOxlWjIb5jmwvvQNbTrZ3lJQ+jUGkGjWE3hEFM0l5gOnBWS+H3qsex68s5cO52g+44vpGzhAt+42vwKg=="
      },
      "xunit.analyzers": {
        "type": "Transitive",
        "resolved": "1.18.0",
        "contentHash": "OtFMHN8yqIcYP9wcVIgJrq01AfTxijjAqVDy/WeQVSyrDC1RzBWeQPztL49DN2syXRah8TYnfvk035s7L95EZQ=="
      },
      "xunit.assert": {
        "type": "Transitive",
        "resolved": "2.9.3",
        "contentHash": "/Kq28fCE7MjOV42YLVRAJzRF0WmEqsmflm0cfpMjGtzQ2lR5mYVj1/i0Y8uDAOLczkL3/jArrwehfMD0YogMAA=="
      },
      "xunit.core": {
        "type": "Transitive",
        "resolved": "2.9.3",
        "contentHash": "BiAEvqGvyme19wE0wTKdADH+NloYqikiU0mcnmiNyXaF9HyHmE6sr/3DC5vnBkgsWaE6yPyWszKSPSApWdRVeQ==",
        "dependencies": {
          "xunit.extensibility.core": "[2.9.3]",
          "xunit.extensibility.execution": "[2.9.3]"
        }
      },
      "xunit.extensibility.core": {
        "type": "Transitive",
        "resolved": "2.9.3",
        "contentHash": "kf3si0YTn2a8J8eZNb+zFpwfoyvIrQ7ivNk5ZYA5yuYk1bEtMe4DxJ2CF/qsRgmEnDr7MnW1mxylBaHTZ4qErA==",
        "dependencies": {
          "xunit.abstractions": "2.0.3"
        }
      },
      "xunit.extensibility.execution": {
        "type": "Transitive",
        "resolved": "2.9.3",
        "contentHash": "yMb6vMESlSrE3Wfj7V6cjQ3S4TXdXpRqYeNEI3zsX31uTsGMJjEw6oD5F5u1cHnMptjhEECnmZSsPxB6ChZHDQ==",
        "dependencies": {
          "xunit.extensibility.core": "[2.9.3]"
        }
      },
      "cluckwork.analyzers": {
        "type": "Project"
      },
      "cluckwork.application": {
        "type": "Project",
        "dependencies": {
          "Cluckwork.Domain": "[1.0.0, )",
          "FluentValidation": "[12.*, )",
          "Microsoft.Extensions.Logging.Abstractions": "[10.*, )",
          "Riok.Mapperly": "[4.*, )"
        }
      },
      "cluckwork.domain": {
        "type": "Project"
      },
      "cluckwork.infrastructure": {
        "type": "Project",
        "dependencies": {
          "Cluckwork.Application": "[1.0.0, )",
          "Cluckwork.Domain": "[1.0.0, )",
          "FluentValidation": "[12.*, )",
          "Microsoft.AspNetCore.DataProtection.EntityFrameworkCore": "[10.*, )",
          "Microsoft.AspNetCore.Identity.EntityFrameworkCore": "[10.*, )",
          "Microsoft.EntityFrameworkCore": "[10.*, )",
          "Npgsql.EntityFrameworkCore.PostgreSQL": "[10.*, )",
          "OpenIddict.EntityFrameworkCore": "[7.7.1, )",
          "OpenIddict.Server.AspNetCore": "[7.7.1, )",
          "OpenIddict.Server.DataProtection": "[7.7.1, )",
          "OpenIddict.Validation.AspNetCore": "[7.7.1, )",
          "OpenIddict.Validation.DataProtection": "[7.7.1, )",
          "OpenIddict.Validation.ServerIntegration": "[7.7.1, )",
          "Serilog.Extensions.Logging": "[10.*, )",
          "StackExchange.Redis": "[3.*, )",
          "System.IdentityModel.Tokens.Jwt": "[8.*, )"
        }
      },
      "FluentValidation": {
        "type": "CentralTransitive",
        "requested": "[12.*, )",
        "resolved": "12.1.1",
        "contentHash": "EPpkIe1yh1a0OXyC100oOA8WMbZvqUu5plwhvYcb7oSELfyUZzfxV48BLhvs3kKo4NwG7MGLNgy1RJiYtT8Dpw=="
      },
      "Microsoft.AspNetCore.DataProtection.EntityFrameworkCore": {
        "type": "CentralTransitive",
        "requested": "[10.*, )",
        "resolved": "10.0.12",
        "contentHash": "oV5g+PWxCFI3liFQcRNNEhYeS8Jz9+rcjREPDRK8kk0a1q+sf8UUlyFwGCBbxWoNVPpenljm8WEUVCH10k71Bw==",
        "dependencies": {
          "Microsoft.AspNetCore.DataProtection": "10.0.12",
          "Microsoft.EntityFrameworkCore": "10.0.12"
        }
      },
      "Microsoft.AspNetCore.Identity.EntityFrameworkCore": {
        "type": "CentralTransitive",
        "requested": "[10.*, )",
        "resolved": "10.0.12",
        "contentHash": "7W/9vKC65y41W6JXwC6WSU++D43wY/ANhrm7tJdbm2lrbzNkYClja6uL3Cg69y+PJ1Q4nARb3eWs9PNMWCdYxQ==",
        "dependencies": {
          "Microsoft.EntityFrameworkCore.Relational": "10.0.12",
          "Microsoft.Extensions.Identity.Stores": "10.0.12"
        }
      },
      "Microsoft.EntityFrameworkCore": {
        "type": "CentralTransitive",
        "requested": "[10.*, )",
        "resolved": "10.0.12",
        "contentHash": "e7OrVN8U5yr4kuwdTHWBHGVQIVsGfMkAr0Ej1/BnrS989Q0XBVANpIzNZ2bc1GvMZ0/XwMt5InTnmKskxGy99Q==",
        "dependencies": {
          "Microsoft.EntityFrameworkCore.Abstractions": "10.0.12",
          "Microsoft.EntityFrameworkCore.Analyzers": "10.0.12",
          "Microsoft.Extensions.Caching.Memory": "10.0.12",
          "Microsoft.Extensions.Logging": "10.0.12"
        }
      },
      "Microsoft.Extensions.Logging.Abstractions": {
        "type": "CentralTransitive",
        "requested": "[10.*, )",
        "resolved": "10.0.12",
        "contentHash": "+24lC4plfbEDNfLAdTV/SWKS7dW+16X4HdydO3R++134kSNTzcbYA4KpR1Hdh6uWisB8Za3AzwyOn+K+NxWIug==",
        "dependencies": {
          "Microsoft.Extensions.DependencyInjection.Abstractions": "10.0.12"
        }
      },
      "Npgsql.EntityFrameworkCore.PostgreSQL": {
        "type": "CentralTransitive",
        "requested": "[10.*, )",
        "resolved": "10.0.3",
        "contentHash": "IPGrrZnRkuW7OlHDhUESZz4G5DLkW7Nej/O3Cx+0iTsgyU5XJxBgpsvTHLloo3WWuAKKbDHXBvWPVkX1deRh1Q==",
        "dependencies": {
          "Microsoft.EntityFrameworkCore": "[10.0.4, 11.0.0)",
          "Microsoft.EntityFrameworkCore.Relational": "[10.0.4, 11.0.0)",
          "Npgsql": "10.0.3"
        }
      },
      "OpenIddict.EntityFrameworkCore": {
        "type": "CentralTransitive",
        "requested": "[7.7.1, )",
        "resolved": "7.7.1",
        "contentHash": "U+Lq0DuEm9bolWOVur0Qy3LgwzCSjRQKs2Q8tUfFfpuAJsnhgK7j401eDm5PdHV1wnoaBYhXEMkkW+UKeADyaw==",
        "dependencies": {
          "Microsoft.EntityFrameworkCore.Relational": "10.0.11",
          "OpenIddict.Core": "7.7.1",
          "OpenIddict.EntityFrameworkCore.Models": "7.7.1"
        }
      },
      "OpenIddict.Server.AspNetCore": {
        "type": "CentralTransitive",
        "requested": "[7.7.1, )",
        "resolved": "7.7.1",
        "contentHash": "YQW64MJBVXsJ+H5kb+HFAQaSXsavOCEG+kDgD+DaYK7apLFtbOrgN233RhHOuztChWcY8SfjpjeN0ZXPwTFsbA==",
        "dependencies": {
          "OpenIddict.Server": "7.7.1"
        }
      },
      "OpenIddict.Server.DataProtection": {
        "type": "CentralTransitive",
        "requested": "[7.7.1, )",
        "resolved": "7.7.1",
        "contentHash": "oCNMCwvBsRZMOD7AZh+WlLuQHG+VwJZhZNb6vN8GJslaOZX6i1FPuhiH5uUremd3ZVMeaF9r0JJY3JxZOTAGgw==",
        "dependencies": {
          "Microsoft.AspNetCore.DataProtection": "10.0.11",
          "OpenIddict.Server": "7.7.1",
          "System.Security.Cryptography.Xml": "10.0.11"
        }
      },
      "OpenIddict.Validation.AspNetCore": {
        "type": "CentralTransitive",
        "requested": "[7.7.1, )",
        "resolved": "7.7.1",
        "contentHash": "9Gpw13k6KRif6LCeIfzS5cfDPxzEvg5I4l8JKwMxNL4mqal8eT00T069RnuXuDY8CwOO43FLD55JY7Wh3an5cg==",
        "dependencies": {
          "OpenIddict.Validation": "7.7.1"
        }
      },
      "OpenIddict.Validation.DataProtection": {
        "type": "CentralTransitive",
        "requested": "[7.7.1, )",
        "resolved": "7.7.1",
        "contentHash": "nYlv+/jJ4j6jFto1JVZ6wCEr4MC/tIivrJdHa2nKX2gTT7kXBH+f//xgOEZTxdrzwd3QUTV0oc9R+0B8Vtgucw==",
        "dependencies": {
          "Microsoft.AspNetCore.DataProtection": "10.0.11",
          "OpenIddict.Validation": "7.7.1",
          "System.Security.Cryptography.Xml": "10.0.11"
        }
      },
      "OpenIddict.Validation.ServerIntegration": {
        "type": "CentralTransitive",
        "requested": "[7.7.1, )",
        "resolved": "7.7.1",
        "contentHash": "tZd5oqlVHftWjo3gthwXRvDE09NGmOjo5yjyRH8W2q4Yw9Hntkfi70+T2ESFKJ++oqueQT4YG5ilyot/o0OBMA==",
        "dependencies": {
          "OpenIddict.Server": "7.7.1",
          "OpenIddict.Validation": "7.7.1"
        }
      },
      "Riok.Mapperly": {
        "type": "CentralTransitive",
        "requested": "[4.*, )",
        "resolved": "4.3.1",
        "contentHash": "oSE+OVLHyiojrws0QVbQaAT2YKsYbyHqJXPdV7EhGseR/dYgeWS2x1T5qY5I4E+RJkJqMSG+FyZOq4SljWgJWQ=="
      },
      "Serilog.Extensions.Logging": {
        "type": "CentralTransitive",
        "requested": "[10.*, )",
        "resolved": "10.0.0",
        "contentHash": "vx0kABKl2dWbBhhqAfTOk53/i8aV/5VaT3a6il9gn72Wqs2pM7EK2OB6No6xdqK2IaY6Zf9gdjLuK9BVa2rT+Q==",
        "dependencies": {
          "Microsoft.Extensions.Logging": "10.0.0",
          "Serilog": "4.2.0"
        }
      },
      "StackExchange.Redis": {
        "type": "CentralTransitive",
        "requested": "[3.*, )",
        "resolved": "3.3.1",
        "contentHash": "AnA3ZuYnOQl2Hh/PXqV+JagA6QO8hiHovHBOc0PKz+uafVSsI0lYPQy8D0rklCC5Wpmc9MznEw+Lpt8e+LaB9w==",
        "dependencies": {
          "Microsoft.Extensions.Logging.Abstractions": "10.0.5",
          "RESPite": "3.3.1",
          "System.IO.Hashing": "10.0.12"
        }
      },
      "System.IdentityModel.Tokens.Jwt": {
        "type": "CentralTransitive",
        "requested": "[8.*, )",
        "resolved": "8.23.0",
        "contentHash": "mUuRjk0KKvF3dlF7CKcnjHn/4TFaWRDGjDRtn1rACitoIflv96apfLD9KPDisyCEuc/0ierocnHCvIXBvCL4Sw==",
        "dependencies": {
          "Microsoft.IdentityModel.JsonWebTokens": "8.23.0",
          "Microsoft.IdentityModel.Tokens": "8.23.0"
        }
      }
    }
  }
}