<Solution>
  <Folder Name="/docs/">
    <File Path="docs/architecture.md" />
    <File Path="docs/README.md" />
    <File Path="docs/releasing.md" />
  </Folder>
  <Folder Name="/docs/runbooks/">
    <File Path="docs/runbooks/README.md" />
    <File Path="docs/runbooks/TEMPLATE.md" />
    <File Path="docs/runbooks/aspire-local-development.md" />
    <File Path="docs/runbooks/backup-and-restore.md" />
    <File Path="docs/runbooks/break-glass-account-recovery.md" />
    <File Path="docs/runbooks/first-admin-provisioning.md" />
    <File Path="docs/runbooks/provisioning-a-new-farm.md" />
    <File Path="docs/runbooks/screen-reader-verification.md" />
    <File Path="docs/runbooks/simulation-fixture-on-a-dev-database.md" />
  </Folder>
  <Folder Name="/docs/schema/">
    <File Path="docs/schema/README.md" />
    <File Path="docs/schema/viewpoint-0.md" />
    <File Path="docs/schema/viewpoint-1.md" />
    <File Path="docs/schema/viewpoint-2.md" />
    <File Path="docs/schema/viewpoint-3.md" />
    <File Path="docs/schema/viewpoint-4.md" />
  </Folder>
  <Folder Name="/docs/security/">
    <File Path="docs/security/log-redaction-policy.md" />
  </Folder>
  <Folder Name="/src/">
    <Project Path="src/Cluckwork.Analyzers/Cluckwork.Analyzers.csproj" />
    <Project Path="src/Cluckwork.Api/Cluckwork.Api.csproj" />
    <Project Path="src/Cluckwork.AppHost/Cluckwork.AppHost.csproj" />
    <Project Path="src/Cluckwork.Application/Cluckwork.Application.csproj" />
    <Project Path="src/Cluckwork.Domain/Cluckwork.Domain.csproj" />
    <Project Path="src/Cluckwork.Infrastructure/Cluckwork.Infrastructure.csproj" />
  </Folder>
  <Folder Name="/tests/">
    <Project Path="tests/Cluckwork.Api.IntegrationTests/Cluckwork.Api.IntegrationTests.csproj" />
    <Project Path="tests/Cluckwork.AppHost.Tests/Cluckwork.AppHost.Tests.csproj" />
    <Project Path="tests/Cluckwork.Application.Tests/Cluckwork.Application.Tests.csproj" />
    <Project Path="tests/Cluckwork.Domain.Tests/Cluckwork.Domain.Tests.csproj" />
  </Folder>
  <Folder Name="/web/">
    <File Path="web/CONTRIBUTING-i18n.md" />
    <File Path="web/DESIGN.md" />
    <File Path="web/index.html" />
    <File Path="web/package.json" />
    <File Path="web/README.md" />
    <File Path="web/tsconfig.app.json" />
    <File Path="web/tsconfig.json" />
    <File Path="web/tsconfig.node.json" />
    <File Path="web/vite.config.ts" />
  </Folder>
  <Folder Name="/web/icons-src/">
    <File Path="web/icons-src/README.md" />
    <File Path="web/icons-src/maskable.svg" />
  </Folder>
  <Folder Name="/web/public/">
    <File Path="web/public/apple-touch-icon.png" />
    <File Path="web/public/favicon.svg" />
    <File Path="web/public/icon-192-maskable.png" />
    <File Path="web/public/icon-192.png" />
    <File Path="web/public/icon-512-maskable.png" />
    <File Path="web/public/icon-512.png" />
    <File Path="web/public/theme-init.js" />
  </Folder>
  <Folder Name="/web/scripts/">
    <File Path="web/scripts/font-cache-match.d.mts" />
    <File Path="web/scripts/font-cache-match.mjs" />
    <File Path="web/scripts/i18n-scan-allowlist.txt" />
    <File Path="web/scripts/i18n-scan.mjs" />
    <File Path="web/scripts/verify-sw.mjs" />
    <File Path="web/scripts/verify-sw.test.mjs" />
  </Folder>
  <Folder Name="/web/src/">
    <File Path="web/src/App.tsx" />
    <File Path="web/src/main.tsx" />
    <File Path="web/src/opticalSize.test.ts" />
    <File Path="web/src/styles.bare-elements.test.ts" />
    <File Path="web/src/styles.caps.test.ts" />
    <File Path="web/src/styles.conversion.test.ts" />
    <File Path="web/src/styles.csp.test.ts" />
    <File Path="web/src/styles.css" />
    <File Path="web/src/styles.declared-tokens.test.ts" />
    <File Path="web/src/styles.discount.test.ts" />
    <File Path="web/src/styles.elevation.test.ts" />
    <File Path="web/src/styles.grades.test.ts" />
    <File Path="web/src/styles.harness-selectors.test.ts" />
    <File Path="web/src/styles.help.test.ts" />
    <File Path="web/src/styles.num.test.ts" />
    <File Path="web/src/styles.test.ts" />
    <File Path="web/src/styles.toolbar.test.ts" />
    <File Path="web/src/vite-env.d.ts" />
  </Folder>
  <Folder Name="/web/src/api/">
    <File Path="web/src/api/client.test.ts" />
    <File Path="web/src/api/client.ts" />
    <File Path="web/src/api/cluckwork.ts" />
    <File Path="web/src/api/errorReport.test.ts" />
    <File Path="web/src/api/errorReport.ts" />
    <File Path="web/src/api/farmLogo.test.ts" />
    <File Path="web/src/api/formatMoney.test.ts" />
    <File Path="web/src/api/listCustomers.test.ts" />
    <File Path="web/src/api/listFlocks.test.ts" />
    <File Path="web/src/api/types.ts" />
  </Folder>
  <Folder Name="/web/src/auth/">
    <File Path="web/src/auth/AuthContext.lifecycle.test.tsx" />
    <File Path="web/src/auth/AuthContext.test.tsx" />
    <File Path="web/src/auth/AuthContext.tsx" />
    <File Path="web/src/auth/claims.test.ts" />
    <File Path="web/src/auth/claims.ts" />
    <File Path="web/src/auth/farmCodeCache.test.ts" />
    <File Path="web/src/auth/farmCodeCache.ts" />
    <File Path="web/src/auth/tokenStore.test.ts" />
    <File Path="web/src/auth/tokenStore.ts" />
    <File Path="web/src/auth/useAuth.test.tsx" />
    <File Path="web/src/auth/useAuth.ts" />
  </Folder>
  <Folder Name="/web/src/components/">
    <File Path="web/src/components/AuthShell.test.tsx" />
    <File Path="web/src/components/AuthShell.tsx" />
    <File Path="web/src/components/BottomNav.test.tsx" />
    <File Path="web/src/components/BottomNav.tsx" />
    <File Path="web/src/components/BrandSplash.test.tsx" />
    <File Path="web/src/components/BrandSplash.tsx" />
    <File Path="web/src/components/BusyButton.test.tsx" />
    <File Path="web/src/components/BusyButton.tsx" />
    <File Path="web/src/components/CustomerPicker.tsx" />
    <File Path="web/src/components/DaySlots.tsx" />
    <File Path="web/src/components/DayStrip.focus.test.ts" />
    <File Path="web/src/components/DayStrip.styles.test.ts" />
    <File Path="web/src/components/DayStrip.test.tsx" />
    <File Path="web/src/components/DayStrip.tsx" />
    <File Path="web/src/components/Dialog.test.tsx" />
    <File Path="web/src/components/Dialog.tsx" />
    <File Path="web/src/components/DialogError.test.tsx" />
    <File Path="web/src/components/DialogError.tsx" />
    <File Path="web/src/components/EmptyState.test.tsx" />
    <File Path="web/src/components/EmptyState.tsx" />
    <File Path="web/src/components/EntryRow.tsx" />
    <File Path="web/src/components/ErrorBoundary.test.tsx" />
    <File Path="web/src/components/ErrorBoundary.tsx" />
    <File Path="web/src/components/ExpandedLayRate.styles.test.ts" />
    <File Path="web/src/components/ExpandedLayRate.test.tsx" />
    <File Path="web/src/components/ExpandedLayRate.tsx" />
    <File Path="web/src/components/FarmBrand.styles.test.ts" />
    <File Path="web/src/components/FarmBrand.test.tsx" />
    <File Path="web/src/components/FarmBrand.tsx" />
    <File Path="web/src/components/FarmDate.test.tsx" />
    <File Path="web/src/components/FarmDate.tsx" />
    <File Path="web/src/components/FieldConsole.test.tsx" />
    <File Path="web/src/components/FieldConsole.tsx" />
    <File Path="web/src/components/FilterBar.test.tsx" />
    <File Path="web/src/components/FilterBar.tsx" />
    <File Path="web/src/components/FlockPicker.tsx" />
    <File Path="web/src/components/GlossaryLink.test.tsx" />
    <File Path="web/src/components/GlossaryLink.tsx" />
    <File Path="web/src/components/GradingChip.tsx" />
    <File Path="web/src/components/HenDayOver100Flag.tsx" />
    <File Path="web/src/components/NamedEntityPicker.openFocus.test.tsx" />
    <File Path="web/src/components/NamedEntityPicker.test.tsx" />
    <File Path="web/src/components/NamedEntityPicker.tsx" />
    <File Path="web/src/components/NumberField.test.tsx" />
    <File Path="web/src/components/NumberField.tsx" />
    <File Path="web/src/components/PanelPager.tsx" />
    <File Path="web/src/components/PhoneLedger.tsx" />
    <File Path="web/src/components/ProvenanceCell.test.tsx" />
    <File Path="web/src/components/ProvenanceCell.tsx" />
    <File Path="web/src/components/StatusBadge.test.tsx" />
    <File Path="web/src/components/StatusBadge.tsx" />
    <File Path="web/src/components/StockBar.test.tsx" />
    <File Path="web/src/components/StockBar.tsx" />
    <File Path="web/src/components/ThemeToggle.test.tsx" />
    <File Path="web/src/components/ThemeToggle.tsx" />
    <File Path="web/src/components/namedEntityPicker.p1.test.tsx" />
    <File Path="web/src/components/namedPickerUS3.recovery.test.tsx" />
    <File Path="web/src/components/useConfirm.test.tsx" />
    <File Path="web/src/components/useConfirm.tsx" />
    <File Path="web/src/components/useDayStrip.ts" />
    <File Path="web/src/components/useDialogAction.test.ts" />
    <File Path="web/src/components/useDialogAction.ts" />
    <File Path="web/src/components/useDialogErrors.test.tsx" />
    <File Path="web/src/components/useDialogErrors.ts" />
    <File Path="web/src/components/useDialogSession.test.ts" />
    <File Path="web/src/components/useDialogSession.ts" />
    <File Path="web/src/components/useMissedAnnouncement.test.tsx" />
    <File Path="web/src/components/useMissedAnnouncement.ts" />
    <File Path="web/src/components/usePagedList.test.tsx" />
    <File Path="web/src/components/usePagedList.ts" />
    <File Path="web/src/components/usePendingAction.test.ts" />
    <File Path="web/src/components/usePendingAction.ts" />
  </Folder>
  <Folder Name="/web/src/farm/">
    <File Path="web/src/farm/FarmContext.test.tsx" />
    <File Path="web/src/farm/FarmContext.tsx" />
    <File Path="web/src/farm/useBannerObjectUrl.test.tsx" />
    <File Path="web/src/farm/useFarm.ts" />
    <File Path="web/src/farm/useFormat.test.tsx" />
    <File Path="web/src/farm/useFormat.ts" />
    <File Path="web/src/farm/useLogoObjectUrl.test.tsx" />
    <File Path="web/src/farm/useLogoObjectUrl.ts" />
  </Folder>
  <Folder Name="/web/src/i18n/">
    <File Path="web/src/i18n/badgeCase.test.ts" />
    <File Path="web/src/i18n/bootSeed.test.ts" />
    <File Path="web/src/i18n/catalogParity.test.ts" />
    <File Path="web/src/i18n/en.ts" />
    <File Path="web/src/i18n/enums.test.ts" />
    <File Path="web/src/i18n/enums.ts" />
    <File Path="web/src/i18n/es.ts" />
    <File Path="web/src/i18n/formattingIndependence.test.ts" />
    <File Path="web/src/i18n/i18n.test.ts" />
    <File Path="web/src/i18n/index.ts" />
    <File Path="web/src/i18n/languageHint.integration.test.ts" />
    <File Path="web/src/i18n/resolve.test.ts" />
    <File Path="web/src/i18n/resolve.ts" />
    <File Path="web/src/i18n/tl.ts" />
    <File Path="web/src/i18n/translations-status.ts" />
  </Folder>
  <Folder Name="/web/src/lib/">
    <File Path="web/src/lib/accountStorage.test.ts" />
    <File Path="web/src/lib/accountStorage.ts" />
    <File Path="web/src/lib/bannerCache.test.ts" />
    <File Path="web/src/lib/bannerCache.ts" />
    <File Path="web/src/lib/brand.test.ts" />
    <File Path="web/src/lib/brand.ts" />
    <File Path="web/src/lib/breakpoints.ts" />
    <File Path="web/src/lib/dashboard.test.ts" />
    <File Path="web/src/lib/dashboard.ts" />
    <File Path="web/src/lib/dates.test.ts" />
    <File Path="web/src/lib/dates.ts" />
    <File Path="web/src/lib/dayWindow.test.ts" />
    <File Path="web/src/lib/dayWindow.ts" />
    <File Path="web/src/lib/discountCeiling.test.ts" />
    <File Path="web/src/lib/discountCeiling.ts" />
    <File Path="web/src/lib/errText.test.ts" />
    <File Path="web/src/lib/errText.ts" />
    <File Path="web/src/lib/flockDefault.test.ts" />
    <File Path="web/src/lib/flockDefault.ts" />
    <File Path="web/src/lib/format.test.ts" />
    <File Path="web/src/lib/format.ts" />
    <File Path="web/src/lib/grading.test.ts" />
    <File Path="web/src/lib/grading.ts" />
    <File Path="web/src/lib/ids.test.ts" />
    <File Path="web/src/lib/ids.ts" />
    <File Path="web/src/lib/languageHint.test.ts" />
    <File Path="web/src/lib/languageHint.ts" />
    <File Path="web/src/lib/layRateRange.test.ts" />
    <File Path="web/src/lib/layRateRange.ts" />
    <File Path="web/src/lib/productionReportSplit.test.ts" />
    <File Path="web/src/lib/productionReportSplit.ts" />
    <File Path="web/src/lib/relativeTime.test.ts" />
    <File Path="web/src/lib/relativeTime.ts" />
    <File Path="web/src/lib/stepperUnit.test.ts" />
    <File Path="web/src/lib/stepperUnit.ts" />
    <File Path="web/src/lib/theme.test.ts" />
    <File Path="web/src/lib/theme.ts" />
    <File Path="web/src/lib/themeInit.test.ts" />
    <File Path="web/src/lib/traceparent.test.ts" />
    <File Path="web/src/lib/traceparent.ts" />
  </Folder>
  <Folder Name="/web/src/pwa/">
    <File Path="web/src/pwa/UpdatePrompt.integration.test.tsx" />
    <File Path="web/src/pwa/UpdatePrompt.menuAction.integration.test.tsx" />
    <File Path="web/src/pwa/UpdatePrompt.test.tsx" />
    <File Path="web/src/pwa/UpdatePrompt.tsx" />
    <File Path="web/src/pwa/appVersion.test.ts" />
    <File Path="web/src/pwa/appVersion.ts" />
    <File Path="web/src/pwa/registerServiceWorker.test.ts" />
    <File Path="web/src/pwa/registerServiceWorker.ts" />
    <File Path="web/src/pwa/updateStore.test.ts" />
    <File Path="web/src/pwa/updateStore.ts" />
  </Folder>
  <Folder Name="/web/src/routes/">
    <File Path="web/src/routes/AccountPage.test.tsx" />
    <File Path="web/src/routes/AccountPage.tsx" />
    <File Path="web/src/routes/AppLayout.integration.test.tsx" />
    <File Path="web/src/routes/AppLayout.test.tsx" />
    <File Path="web/src/routes/AppLayout.tsx" />
    <File Path="web/src/routes/AuditPage.test.tsx" />
    <File Path="web/src/routes/AuditPage.tsx" />
    <File Path="web/src/routes/CustomersPage.test.tsx" />
    <File Path="web/src/routes/CustomersPage.tsx" />
    <File Path="web/src/routes/DailyEntryPage.test.tsx" />
    <File Path="web/src/routes/DailyEntryPage.tsx" />
    <File Path="web/src/routes/Dashboard.test.tsx" />
    <File Path="web/src/routes/Dashboard.tsx" />
    <File Path="web/src/routes/ExpensesPage.test.tsx" />
    <File Path="web/src/routes/ExpensesPage.tsx" />
    <File Path="web/src/routes/ExportPage.test.tsx" />
    <File Path="web/src/routes/ExportPage.tsx" />
    <File Path="web/src/routes/FeedPage.test.tsx" />
    <File Path="web/src/routes/FeedPage.tsx" />
    <File Path="web/src/routes/FlocksPage.test.tsx" />
    <File Path="web/src/routes/FlocksPage.tsx" />
    <File Path="web/src/routes/GradesPage.test.tsx" />
    <File Path="web/src/routes/GradesPage.tsx" />
    <File Path="web/src/routes/HelpPage.test.tsx" />
    <File Path="web/src/routes/HelpPage.tsx" />
    <File Path="web/src/routes/HistoryPage.phone.test.tsx" />
    <File Path="web/src/routes/HistoryPage.test.tsx" />
    <File Path="web/src/routes/HistoryPage.tsx" />
    <File Path="web/src/routes/InventoryPage.roleChange.test.tsx" />
    <File Path="web/src/routes/InventoryPage.test.tsx" />
    <File Path="web/src/routes/InventoryPage.tsx" />
    <File Path="web/src/routes/Login.test.tsx" />
    <File Path="web/src/routes/Login.tsx" />
    <File Path="web/src/routes/ProductsPage.test.tsx" />
    <File Path="web/src/routes/ProductsPage.tsx" />
    <File Path="web/src/routes/ProtectedRoute.test.tsx" />
    <File Path="web/src/routes/ProtectedRoute.tsx" />
    <File Path="web/src/routes/ReportsPage.test.tsx" />
    <File Path="web/src/routes/ReportsPage.tsx" />
    <File Path="web/src/routes/SalesPage.test.tsx" />
    <File Path="web/src/routes/SalesPage.tsx" />
    <File Path="web/src/routes/SetPasswordPage.test.tsx" />
    <File Path="web/src/routes/SetPasswordPage.tsx" />
    <File Path="web/src/routes/SettingsPage.test.tsx" />
    <File Path="web/src/routes/SettingsPage.timezones.test.tsx" />
    <File Path="web/src/routes/SettingsPage.tsx" />
    <File Path="web/src/routes/StockPage.roleChange.test.tsx" />
    <File Path="web/src/routes/StockPage.test.tsx" />
    <File Path="web/src/routes/StockPage.tsx" />
    <File Path="web/src/routes/UsersPage.test.tsx" />
    <File Path="web/src/routes/UsersPage.tsx" />
    <File Path="web/src/routes/WaterPage.test.tsx" />
    <File Path="web/src/routes/WaterPage.tsx" />
    <File Path="web/src/routes/emptyStates.guard.test.ts" />
    <File Path="web/src/routes/helpGlossary.test.ts" />
    <File Path="web/src/routes/helpGlossary.ts" />
    <File Path="web/src/routes/nav.test.ts" />
    <File Path="web/src/routes/nav.tsx" />
    <File Path="web/src/routes/salesExpensesUS3.lifecycle.test.tsx" />
    <File Path="web/src/routes/salesT039.default.test.tsx" />
  </Folder>
  <Folder Name="/web/src/session/">
    <File Path="web/src/session/LanguageSelector.multilang.test.tsx" />
    <File Path="web/src/session/LanguageSelector.test.tsx" />
    <File Path="web/src/session/LanguageSelector.tsx" />
    <File Path="web/src/session/SessionContext.test.tsx" />
    <File Path="web/src/session/SessionContext.tsx" />
    <File Path="web/src/session/StepperUnitSelector.test.tsx" />
    <File Path="web/src/session/StepperUnitSelector.tsx" />
  </Folder>
  <Folder Name="/web/src/test/">
    <File Path="web/src/test/cssTokens.ts" />
    <File Path="web/src/test/fakeIndexedDb.test.ts" />
    <File Path="web/src/test/fakeIndexedDb.ts" />
    <File Path="web/src/test/fixtures.ts" />
    <File Path="web/src/test/jwt.ts" />
    <File Path="web/src/test/ledgerCellStyles.ts" />
    <File Path="web/src/test/matchMedia.ts" />
    <File Path="web/src/test/pagedRowLookups.detector.test.ts" />
    <File Path="web/src/test/pagedRowLookups.test.ts" />
    <File Path="web/src/test/pagedRowLookups.ts" />
    <File Path="web/src/test/renderWithProviders.tsx" />
    <File Path="web/src/test/renderedStyle.ts" />
    <File Path="web/src/test/roleGate.smoke.test.tsx" />
    <File Path="web/src/test/rows.test.tsx" />
    <File Path="web/src/test/rows.ts" />
    <File Path="web/src/test/setup.ts" />
    <File Path="web/src/test/viteConfig.test.ts" />
  </Folder>
  <Folder Name="/web/src/theme/">
    <File Path="web/src/theme/FarmThemeProvider.nonce.test.tsx" />
    <File Path="web/src/theme/FarmThemeProvider.render.test.tsx" />
    <File Path="web/src/theme/FarmThemeProvider.test.tsx" />
    <File Path="web/src/theme/FarmThemeProvider.tsx" />
    <File Path="web/src/theme/farmTheme.policy.test.ts" />
    <File Path="web/src/theme/farmTokens.test.ts" />
    <File Path="web/src/theme/farmTokens.ts" />
    <File Path="web/src/theme/metaThemeColor.test.ts" />
    <File Path="web/src/theme/metaThemeColor.ts" />
  </Folder>
  <Folder Name="/web/src/types/">
    <File Path="web/src/types/i18next.d.ts" />
  </Folder>
</Solution>
