{
  "version": 1,
  "dependencies": {
    "net10.0": {
      "FluentValidation": {
        "type": "Direct",
        "requested": "[11.*, )",
        "resolved": "11.12.0",
        "contentHash": "Wim3rI1nGZKO5S/lgJ0ZpD3W/uu1CECoJ8pETzC8av34ejr+jCDr4paKhSJRG0Ltcv8UjdxtYCynG+RUEfEUDA=="
      },
      "Riok.Mapperly": {
        "type": "Direct",
        "requested": "[3.*, )",
        "resolved": "3.6.0",
        "contentHash": "eQkT3evicd5fdb8HgAJjJ+uvbhfA76ozZZsBtounFrOvk0mj+9tozv1hCYV0f0cTmXIZsxtU93FMWPzd76wSaw=="
      },
      "cluckwork.domain": {
        "type": "Project"
      }
    }
  }
}