{
  "version": 2,
  "dependencies": {
    "net10.0": {
      "Google.Protobuf": {
        "type": "Direct",
        "requested": "[3.*, )",
        "resolved": "3.36.1",
        "contentHash": "77AqPEoaY1ODE+syYBHti0jXiwQq0J/fUr/fRyYhNlc9oKtH5dZZEr/OLKtdKNVG83PRnCYB2r8B80ZrObzOGQ=="
      },
      "Microsoft.AspNetCore.Mvc.Testing": {
        "type": "Direct",
        "requested": "[10.*, )",
        "resolved": "10.0.12",
        "contentHash": "OtjgnL8RRLQYaiuS3KzbBbyQ6am1ZrX3dvBdiuXghxL+LQinmT2vMumytveYPbnXLknZSk/aEDKENI6uf7NoNg==",
        "dependencies": {
          "Microsoft.AspNetCore.TestHost": "10.0.12",
          "Microsoft.Extensions.DependencyModel": "10.0.12"
        }
      },
      "Microsoft.NET.Test.Sdk": {
        "type": "Direct",
        "requested": "[18.*, )",
        "resolved": "18.10.0",
        "contentHash": "0CZZ688UBvpQFB9HKo7wrNJNVe+AOM4UtipgwpER3TTM+d2DDM6QyKkIJZTR3mpbn9/zFbZEtAgVIz4SPTjQZQ==",
        "dependencies": {
          "Microsoft.CodeCoverage": "18.10.0",
          "Microsoft.TestPlatform.TestHost": "18.10.0"
        }
      },
      "Testcontainers.PostgreSql": {
        "type": "Direct",
        "requested": "[4.*, )",
        "resolved": "4.15.0",
        "contentHash": "45ZvqAzrh9BoI15Z4id7WEfhk1pVKqVeAX76aef8fR5ScglD75fSQtYuXhKFx4kIcgRL5aLKt3pRiqCVIgsL9g==",
        "dependencies": {
          "Testcontainers": "4.15.0"
        }
      },
      "Testcontainers.Redis": {
        "type": "Direct",
        "requested": "[4.*, )",
        "resolved": "4.15.0",
        "contentHash": "au2OSaAQwn3W6Q2QZsYUig2Smbi0xdAZQhyjynjK10Hhf0HokhsADtGjRdXefqjSIpq49Yqpkh7QjhD7hvMwAQ==",
        "dependencies": {
          "Testcontainers": "4.15.0"
        }
      },
      "xunit": {
        "type": "Direct",
        "requested": "[2.*, )",
        "resolved": "2.9.3",
        "contentHash": "TlXQBinK35LpOPKHAqbLY4xlEen9TBafjs0V5KnA4wZsoQLQJiirCR4CbIXvOH8NzkW4YeJKP5P/Bnrodm0h9Q==",
        "dependencies": {
          "xunit.analyzers": "1.18.0",
          "xunit.assert": "2.9.3",
          "xunit.core": "[2.9.3]"
        }
      },
      "xunit.runner.visualstudio": {
        "type": "Direct",
        "requested": "[4.*, )",
        "resolved": "4.0.0",
        "contentHash": "kzLFyBYUnoidpGOXvpNOfIo8C92gVgVR6X8ncHwhcrDYugiOut5rrhDkr0L3cWHd7J2pKXf6LgaeXoBBDlx1ag=="
      },
      "BouncyCastle.Cryptography": {
        "type": "Transitive",
        "resolved": "2.7.0",
        "contentHash": "U+12df8UEWHgBi04YVf/Lgi2dy3SItlIYvHjjEVa/BngCQIzDCDRBk50DDByCfDvSbe5pRNFr3b7UrVK2kMcLw=="
      },
      "Docker.DotNet.Enhanced": {
        "type": "Transitive",
        "resolved": "4.3.3",
        "contentHash": "nGicLwvd42FhRk+khY5uS6cx49ErNdwYKnYBg0F4m4BDKLp/R77AVmmN9xAiqI3W/wN5ZCHkdUhgxf5ORkZuFQ==",
        "dependencies": {
          "Docker.DotNet.Enhanced.Handler.Abstractions": "4.3.3",
          "Docker.DotNet.Enhanced.LegacyHttp": "4.3.3",
          "Docker.DotNet.Enhanced.NPipe": "4.3.3",
          "Docker.DotNet.Enhanced.NativeHttp": "4.3.3",
          "Docker.DotNet.Enhanced.Unix": "4.3.3"
        }
      },
      "Docker.DotNet.Enhanced.Handler.Abstractions": {
        "type": "Transitive",
        "resolved": "4.3.3",
        "contentHash": "9Cp8hOgtynixcDoAs9lnEaQosluojSYmiW3fsLsLIVfZjlq/fznSIZNUhnmyT4Xo1Iyuok/y49WL/25O47u0Pw=="
      },
      "Docker.DotNet.Enhanced.LegacyHttp": {
        "type": "Transitive",
        "resolved": "4.3.3",
        "contentHash": "7j3M16emv9PAQN7VwFn23xLYNj8GJmwPOcogveHkaWnOCqiC+anRaNKQwqIBNApM1AuwZKivehTKTPmmrjUUnw==",
        "dependencies": {
          "Docker.DotNet.Enhanced.Handler.Abstractions": "4.3.3"
        }
      },
      "Docker.DotNet.Enhanced.NativeHttp": {
        "type": "Transitive",
        "resolved": "4.3.3",
        "contentHash": "iNzK+jRFeEMobSA7l/h4ARwCKOOefOWtVN5/RB0ft6/6H6IQXvVUuOgGyZAjYLBT7TsyClRYno2B904f3dtBuQ==",
        "dependencies": {
          "Docker.DotNet.Enhanced.Handler.Abstractions": "4.3.3"
        }
      },
      "Docker.DotNet.Enhanced.NPipe": {
        "type": "Transitive",
        "resolved": "4.3.3",
        "contentHash": "ZTLYufuEfY0e6qLOgeH9QgXx2KYuoABRVaY5A8rsggyLgYqbDj9rCRfVAhHPCUv83S7pVxDHy+Tvm/BnxjWVpg==",
        "dependencies": {
          "Docker.DotNet.Enhanced.Handler.Abstractions": "4.3.3"
        }
      },
      "Docker.DotNet.Enhanced.Unix": {
        "type": "Transitive",
        "resolved": "4.3.3",
        "contentHash": "ypo8qNbmvHw1t9VfpRTMogCw2vht6VjkXzlGYUUeP2H2bf83USURdla1maW1njn2oq2rfLUFOGMfmt+A37QU2w==",
        "dependencies": {
          "Docker.DotNet.Enhanced.Handler.Abstractions": "4.3.3"
        }
      },
      "Docker.DotNet.Enhanced.X509": {
        "type": "Transitive",
        "resolved": "4.3.3",
        "contentHash": "oBDibWezEv4hgj3RIQxI3DVcxkNV1MdrD0d/jhjUu+h3DL+qc0wlkQva15kkwMatXmC/hWp1VP0DMoFXe+BmEw==",
        "dependencies": {
          "Docker.DotNet.Enhanced.Handler.Abstractions": "4.3.3"
        }
      },
      "Microsoft.AspNetCore.TestHost": {
        "type": "Transitive",
        "resolved": "10.0.12",
        "contentHash": "bTHgbcjSrLxlqSasYRDU9BcJ3hDGoqIjtDY0soLNrndOWi3kxtOyddwUMaNZgtoI2Uf6y7ZQs2EuVj0c20B7mA=="
      },
      "Microsoft.Bcl.Cryptography": {
        "type": "Transitive",
        "resolved": "10.0.2",
        "contentHash": "LG9Yll3B5aNpxv0+D47g6LiOiKBIlodhcHdQwcYzo8VeexFLGqx5ymetmA2aBRyo9cCcWsQWrFsdbsr8LvmWDw=="
      },
      "Microsoft.CodeCoverage": {
        "type": "Transitive",
        "resolved": "18.10.0",
        "contentHash": "zo1hqV+Nz6FlIwdc+aPfrvGzqfKAPPaZ6OPj1W8C0QQE2xH951AZwTUytL3K7XX8brVBUFd7MhrLDl3CtK3U/A=="
      },
      "Microsoft.EntityFrameworkCore.Abstractions": {
        "type": "Transitive",
        "resolved": "10.0.12",
        "contentHash": "kDrux7T6C3V/YYYe2LXr7x6AEsVyq5Y2YoTE9er1SwbDtap3z1g8RgxNh5eKQVyB4T+DKvBBJ4Ezd/VZzJQJZg=="
      },
      "Microsoft.EntityFrameworkCore.Analyzers": {
        "type": "Transitive",
        "resolved": "10.0.12",
        "contentHash": "Kd4o2oO1A6dfKxjz5LS16QyLtpCFTUiFWwmBABETAXRsSImBdRdWeKjSgbbRhAMiV3a3/nWr95ZtzClT4uaADQ=="
      },
      "Microsoft.EntityFrameworkCore.Relational": {
        "type": "Transitive",
        "resolved": "10.0.12",
        "contentHash": "OiHmr8XzX96dbgMsYGe8qoqg4KxibdZG2r0QUVJBGktFInOp8IrABe8jvcbo5hrqeWfbwpK7fCEBiEPbY/ik4A==",
        "dependencies": {
          "Microsoft.EntityFrameworkCore": "10.0.12"
        }
      },
      "Microsoft.Extensions.DependencyModel": {
        "type": "Transitive",
        "resolved": "10.0.12",
        "contentHash": "rDPQVTxh/zMTDF7wHlRqL/jjZbwjAP6315ydBxj51pZW7qkAwGwjoSiMutxYI91xmOE3ZXjAGHbYRqzyJV7Urw=="
      },
      "Microsoft.IdentityModel.Abstractions": {
        "type": "Transitive",
        "resolved": "8.22.0",
        "contentHash": "LU3V3owsu4vGpCg2kyL7SsQEuHwcoJ8FSNBqzLADzCf3/PcKUTcx5Plsd51DoTJMfK/WigXV/03UhaN5JXE6uQ=="
      },
      "Microsoft.IdentityModel.JsonWebTokens": {
        "type": "Transitive",
        "resolved": "8.22.0",
        "contentHash": "kv6peMLjALZLDAy2H3F77KjVRdwiscn2p/g3ui2chcbuEcAX2MpAbyDcYnJ7Vyh8jZ1aJWrniUMCDWoOgnu4NQ==",
        "dependencies": {
          "Microsoft.IdentityModel.Tokens": "8.22.0"
        }
      },
      "Microsoft.IdentityModel.Logging": {
        "type": "Transitive",
        "resolved": "8.22.0",
        "contentHash": "G9Tl0yXSlr2pkXv4EpXjO16M4q6oo9N/od+gNyOusZ8yM8LZg1H3f/QOMFuOJiV6znzY5MkAREU97JRRnqpEQw==",
        "dependencies": {
          "Microsoft.IdentityModel.Abstractions": "8.22.0"
        }
      },
      "Microsoft.IdentityModel.Protocols": {
        "type": "Transitive",
        "resolved": "8.19.2",
        "contentHash": "sGxSsSrZXNmca6D+jHH2rVRyo2nNRd/g4H9CFbPmLLq0xgoH1U0orLWE5minfijw7+zq49tBs7txenbfAErRoQ==",
        "dependencies": {
          "Microsoft.IdentityModel.Tokens": "8.19.2"
        }
      },
      "Microsoft.IdentityModel.Protocols.OpenIdConnect": {
        "type": "Transitive",
        "resolved": "8.19.2",
        "contentHash": "1XOcyY36cVymzE3qKdzKaUEZ4Pzt7ZpSa14JZoPPK1NLFUkQDs85TCqpV6XDo0YjFXj6nVK00AfOHppjghjhtw==",
        "dependencies": {
          "Microsoft.IdentityModel.Protocols": "8.19.2",
          "System.IdentityModel.Tokens.Jwt": "8.19.2"
        }
      },
      "Microsoft.IdentityModel.Tokens": {
        "type": "Transitive",
        "resolved": "8.22.0",
        "contentHash": "i4lywKKUuVmheCUA+w/q8QNPReNI0qanHI9hhz48AFqD1ljyb8sxPL2RbXOGiPV13XdJ4kxieL9ukS7tD43LxA==",
        "dependencies": {
          "Microsoft.Bcl.Cryptography": "10.0.2",
          "Microsoft.IdentityModel.Logging": "8.22.0"
        }
      },
      "Microsoft.TestPlatform.ObjectModel": {
        "type": "Transitive",
        "resolved": "18.10.0",
        "contentHash": "aXA7DDbnt6MYu3eLBEDksNdl09QxJ/PpMzrFcSxqEOk3RvRGJzhKI5mezVCEOcvveRhjfw/mvn6xVXC/rTaOog=="
      },
      "Microsoft.TestPlatform.TestHost": {
        "type": "Transitive",
        "resolved": "18.10.0",
        "contentHash": "Spu6C7bgz1PmWN+Y7wS0PfGCw9Kwv5RvJbCwyQaEWjcwpMire+qYMrcZ7qk8agjy6nd0sdHLc3ugCSrGuSbZdw==",
        "dependencies": {
          "Microsoft.TestPlatform.ObjectModel": "18.10.0"
        }
      },
      "Npgsql": {
        "type": "Transitive",
        "resolved": "10.0.3",
        "contentHash": "7nb5YzXuvWWJxB0J8DiyL3we+X4FOctZrt0fIBnucOIaIevFEEwGQVZKtiu9olXdlNAK1eNgqSral6r/jlhI4w=="
      },
      "OpenTelemetry": {
        "type": "Transitive",
        "resolved": "1.18.0",
        "contentHash": "13AKxycK+olOLe061MjliPTNBR/DUkjyRr0b9zwUhKyMjFS8lXS7G31R85rkbM55up2YFmdykWdAw2giBDJpiQ==",
        "dependencies": {
          "OpenTelemetry.Api.ProviderBuilderExtensions": "1.18.0"
        }
      },
      "OpenTelemetry.Api": {
        "type": "Transitive",
        "resolved": "1.18.0",
        "contentHash": "Dhzm5oughIY9EWckt2J1yXcEbXpki5WCL2q7prJoYxzH6C7jdkfGtPMTkUVZZ4AhjJKzQnlC+kLSIlmIVwC4Vw=="
      },
      "OpenTelemetry.Api.ProviderBuilderExtensions": {
        "type": "Transitive",
        "resolved": "1.18.0",
        "contentHash": "io6A6PJFp3vIObRGf6oPjdHsdglkinXt/0SpTDJHrVnsLxUtOzwh/QwTsnhBJ43wJ6QcGMkyNzsSSY8XEB1Q5Q==",
        "dependencies": {
          "OpenTelemetry.Api": "1.18.0"
        }
      },
      "RESPite": {
        "type": "Transitive",
        "resolved": "3.2.0",
        "contentHash": "7M3keAYl4YVvaEt4HSWEJ/VuO+0etlTqzRaDeeiOhC8rcV6qR9IUeJHwTuGygO5pdJ7b+h9gS6VRGH6goC21/A=="
      },
      "Serilog": {
        "type": "Transitive",
        "resolved": "4.3.0",
        "contentHash": "+cDryFR0GRhsGOnZSKwaDzRRl4MupvJ42FhCE4zhQRVanX0Jpg6WuCBk59OVhVDPmab1bB+nRykAnykYELA9qQ=="
      },
      "Serilog.Extensions.Hosting": {
        "type": "Transitive",
        "resolved": "10.0.0",
        "contentHash": "E7juuIc+gzoGxgzFooFgAV8g9BfiSXNKsUok9NmEpyAXg2odkcPsMa/Yo4axkJRlh0se7mkYQ1GXDaBemR+b6w==",
        "dependencies": {
          "Serilog": "4.3.0",
          "Serilog.Extensions.Logging": "10.0.0"
        }
      },
      "Serilog.Settings.Configuration": {
        "type": "Transitive",
        "resolved": "10.0.0",
        "contentHash": "LNq+ibS1sbhTqPV1FIE69/9AJJbfaOhnaqkzcjFy95o+4U+STsta9mi97f1smgXsWYKICDeGUf8xUGzd/52/uA==",
        "dependencies": {
          "Microsoft.Extensions.DependencyModel": "10.0.0",
          "Serilog": "4.3.0"
        }
      },
      "Serilog.Sinks.Console": {
        "type": "Transitive",
        "resolved": "6.1.1",
        "contentHash": "8jbqgjUyZlfCuSTaJk6lOca465OndqOz3KZP6Cryt/IqZYybyBu7GP0fE/AXBzrrQB3EBmQntBFAvMVz1COvAA==",
        "dependencies": {
          "Serilog": "4.0.0"
        }
      },
      "Serilog.Sinks.Debug": {
        "type": "Transitive",
        "resolved": "3.0.0",
        "contentHash": "4BzXcdrgRX7wde9PmHuYd9U6YqycCC28hhpKonK7hx0wb19eiuRj16fPcPSVp0o/Y1ipJuNLYQ00R3q2Zs8FDA==",
        "dependencies": {
          "Serilog": "4.0.0"
        }
      },
      "Serilog.Sinks.File": {
        "type": "Transitive",
        "resolved": "7.0.0",
        "contentHash": "fKL7mXv7qaiNBUC71ssvn/dU0k9t0o45+qm2XgKAlSt19xF+ijjxyA3R6HmCgfKEKwfcfkwWjayuQtRueZFkYw==",
        "dependencies": {
          "Serilog": "4.2.0"
        }
      },
      "SharpZipLib": {
        "type": "Transitive",
        "resolved": "1.4.2",
        "contentHash": "yjj+3zgz8zgXpiiC3ZdF/iyTBbz2fFvMxZFEBPUcwZjIvXOf37Ylm+K58hqMfIBt5JgU/Z2uoUS67JmTLe973A=="
      },
      "SSH.NET": {
        "type": "Transitive",
        "resolved": "2026.0.0",
        "contentHash": "Yu9dirPq8l3oaat0+OQ7K0nUf5MmYltpia5UGqsApTG4zTPvBC1cxbNnC3NERij26dUST0A3Ef1QdHSn5ArbWQ==",
        "dependencies": {
          "BouncyCastle.Cryptography": "2.7.0"
        }
      },
      "System.IO.Hashing": {
        "type": "Transitive",
        "resolved": "10.0.12",
        "contentHash": "jDix4bBMYnpZdSPcnY+KDV6ik3SRMzpMKby/bZl/XUwIiflwRNAFZ0oOl61R/pSaveIJ8t1gs2BUlrGsPs/bcg=="
      },
      "Testcontainers": {
        "type": "Transitive",
        "resolved": "4.15.0",
        "contentHash": "8tCZKMm++C/9dHIr8lsE1iDBIBmthbo2XlGFDr4gorT1vgZrJwU36fNkCGuX7h7V39rpQoTK/aG+FhJz3jhY3A==",
        "dependencies": {
          "Docker.DotNet.Enhanced": "4.3.3",
          "Docker.DotNet.Enhanced.X509": "4.3.3",
          "SSH.NET": "2026.0.0",
          "SharpZipLib": "1.4.2"
        }
      },
      "xunit.abstractions": {
        "type": "Transitive",
        "resolved": "2.0.3",
        "contentHash": "pot1I4YOxlWjIb5jmwvvQNbTrZ3lJQ+jUGkGjWE3hEFM0l5gOnBWS+H3qsex68s5cO52g+44vpGzhAt+42vwKg=="
      },
      "xunit.analyzers": {
        "type": "Transitive",
        "resolved": "1.18.0",
        "contentHash": "OtFMHN8yqIcYP9wcVIgJrq01AfTxijjAqVDy/WeQVSyrDC1RzBWeQPztL49DN2syXRah8TYnfvk035s7L95EZQ=="
      },
      "xunit.assert": {
        "type": "Transitive",
        "resolved": "2.9.3",
        "contentHash": "/Kq28fCE7MjOV42YLVRAJzRF0WmEqsmflm0cfpMjGtzQ2lR5mYVj1/i0Y8uDAOLczkL3/jArrwehfMD0YogMAA=="
      },
      "xunit.core": {
        "type": "Transitive",
        "resolved": "2.9.3",
        "contentHash": "BiAEvqGvyme19wE0wTKdADH+NloYqikiU0mcnmiNyXaF9HyHmE6sr/3DC5vnBkgsWaE6yPyWszKSPSApWdRVeQ==",
        "dependencies": {
          "xunit.extensibility.core": "[2.9.3]",
          "xunit.extensibility.execution": "[2.9.3]"
        }
      },
      "xunit.extensibility.core": {
        "type": "Transitive",
        "resolved": "2.9.3",
        "contentHash": "kf3si0YTn2a8J8eZNb+zFpwfoyvIrQ7ivNk5ZYA5yuYk1bEtMe4DxJ2CF/qsRgmEnDr7MnW1mxylBaHTZ4qErA==",
        "dependencies": {
          "xunit.abstractions": "2.0.3"
        }
      },
      "xunit.extensibility.execution": {
        "type": "Transitive",
        "resolved": "2.9.3",
        "contentHash": "yMb6vMESlSrE3Wfj7V6cjQ3S4TXdXpRqYeNEI3zsX31uTsGMJjEw6oD5F5u1cHnMptjhEECnmZSsPxB6ChZHDQ==",
        "dependencies": {
          "xunit.extensibility.core": "[2.9.3]"
        }
      },
      "cluckwork.api": {
        "type": "Project",
        "dependencies": {
          "Cluckwork.Application": "[1.0.0, )",
          "Cluckwork.Domain": "[1.0.0, )",
          "Cluckwork.Infrastructure": "[1.0.0, )",
          "FluentValidation": "[12.*, )",
          "Microsoft.AspNetCore.Authentication.JwtBearer": "[10.*, )",
          "Microsoft.AspNetCore.OpenApi": "[10.*, )",
          "Microsoft.OpenApi": "[2.12.2, )",
          "OpenTelemetry.Exporter.OpenTelemetryProtocol": "[1.*, )",
          "OpenTelemetry.Extensions.Hosting": "[1.*, )",
          "OpenTelemetry.Instrumentation.AspNetCore": "[1.*, )",
          "OpenTelemetry.Instrumentation.EntityFrameworkCore": "[1.16.0-beta.1, )",
          "OpenTelemetry.Instrumentation.Runtime": "[1.*, )",
          "Serilog.AspNetCore": "[10.*, )",
          "Serilog.Formatting.Compact": "[3.*, )"
        }
      },
      "cluckwork.application": {
        "type": "Project",
        "dependencies": {
          "Cluckwork.Domain": "[1.0.0, )",
          "FluentValidation": "[12.*, )",
          "Riok.Mapperly": "[4.*, )"
        }
      },
      "cluckwork.domain": {
        "type": "Project"
      },
      "cluckwork.infrastructure": {
        "type": "Project",
        "dependencies": {
          "Cluckwork.Application": "[1.0.0, )",
          "Cluckwork.Domain": "[1.0.0, )",
          "FluentValidation": "[12.*, )",
          "Microsoft.AspNetCore.Identity.EntityFrameworkCore": "[10.*, )",
          "Microsoft.EntityFrameworkCore": "[10.*, )",
          "Npgsql.EntityFrameworkCore.PostgreSQL": "[10.*, )",
          "Serilog.Extensions.Logging": "[10.*, )",
          "StackExchange.Redis": "[3.*, )",
          "System.IdentityModel.Tokens.Jwt": "[8.*, )"
        }
      },
      "FluentValidation": {
        "type": "CentralTransitive",
        "requested": "[12.*, )",
        "resolved": "12.1.1",
        "contentHash": "EPpkIe1yh1a0OXyC100oOA8WMbZvqUu5plwhvYcb7oSELfyUZzfxV48BLhvs3kKo4NwG7MGLNgy1RJiYtT8Dpw=="
      },
      "Microsoft.AspNetCore.Authentication.JwtBearer": {
        "type": "CentralTransitive",
        "requested": "[10.*, )",
        "resolved": "10.0.12",
        "contentHash": "DeE+Bq2OqB3FikFkZk+7gFBeLOQhkSolejLrbi+a9zpfvXtW1Ff6Nd6DIvHXIm+pc4aM4+52vDy3jnuau0qoUQ==",
        "dependencies": {
          "Microsoft.IdentityModel.Protocols.OpenIdConnect": "8.19.2"
        }
      },
      "Microsoft.AspNetCore.Identity.EntityFrameworkCore": {
        "type": "CentralTransitive",
        "requested": "[10.*, )",
        "resolved": "10.0.12",
        "contentHash": "7W/9vKC65y41W6JXwC6WSU++D43wY/ANhrm7tJdbm2lrbzNkYClja6uL3Cg69y+PJ1Q4nARb3eWs9PNMWCdYxQ==",
        "dependencies": {
          "Microsoft.EntityFrameworkCore.Relational": "10.0.12"
        }
      },
      "Microsoft.AspNetCore.OpenApi": {
        "type": "CentralTransitive",
        "requested": "[10.*, )",
        "resolved": "10.0.12",
        "contentHash": "7RnQ/UKn+kK3JDLmTpW+vVqNErWthGPAVAy1aIiBzv4ucQ6g9NFvOJUuT0PHcpvcJxGVxctMxj6t+NESWMrgHQ==",
        "dependencies": {
          "Microsoft.OpenApi": "[2.12.0, 3.0.0)"
        }
      },
      "Microsoft.EntityFrameworkCore": {
        "type": "CentralTransitive",
        "requested": "[10.*, )",
        "resolved": "10.0.12",
        "contentHash": "e7OrVN8U5yr4kuwdTHWBHGVQIVsGfMkAr0Ej1/BnrS989Q0XBVANpIzNZ2bc1GvMZ0/XwMt5InTnmKskxGy99Q==",
        "dependencies": {
          "Microsoft.EntityFrameworkCore.Abstractions": "10.0.12",
          "Microsoft.EntityFrameworkCore.Analyzers": "10.0.12"
        }
      },
      "Microsoft.OpenApi": {
        "type": "CentralTransitive",
        "requested": "[2.12.2, )",
        "resolved": "2.12.2",
        "contentHash": "ZkT7qiJe0Kj0+DTZOZo+xrDy1kNmdsWFQVPIQLNx9ZJ0T9cB2LG7r+Bi60so8/+yg1nkS7QCPadrzsTG4VPKrA=="
      },
      "Npgsql.EntityFrameworkCore.PostgreSQL": {
        "type": "CentralTransitive",
        "requested": "[10.*, )",
        "resolved": "10.0.3",
        "contentHash": "IPGrrZnRkuW7OlHDhUESZz4G5DLkW7Nej/O3Cx+0iTsgyU5XJxBgpsvTHLloo3WWuAKKbDHXBvWPVkX1deRh1Q==",
        "dependencies": {
          "Microsoft.EntityFrameworkCore": "[10.0.4, 11.0.0)",
          "Microsoft.EntityFrameworkCore.Relational": "[10.0.4, 11.0.0)",
          "Npgsql": "10.0.3"
        }
      },
      "OpenTelemetry.Exporter.OpenTelemetryProtocol": {
        "type": "CentralTransitive",
        "requested": "[1.*, )",
        "resolved": "1.18.0",
        "contentHash": "Et3WAviooKGObZjUZN8d6eTsdJs1YM3ZoN+KlWSAHksTmHG1nyGi9XGo2wb0fkFMWK0g80FOPdR1njg52Dm+aw==",
        "dependencies": {
          "OpenTelemetry": "1.18.0"
        }
      },
      "OpenTelemetry.Extensions.Hosting": {
        "type": "CentralTransitive",
        "requested": "[1.*, )",
        "resolved": "1.18.0",
        "contentHash": "u+JMA82H65MKwMvd2qUpL8C2qE4Jux2nvX9hmy036UK/Apv2YyIRYCttF/vlX6nMPcAKI8BXkscmL4QG3C69fw==",
        "dependencies": {
          "OpenTelemetry": "1.18.0"
        }
      },
      "OpenTelemetry.Instrumentation.AspNetCore": {
        "type": "CentralTransitive",
        "requested": "[1.*, )",
        "resolved": "1.18.0",
        "contentHash": "hBiMXE/CGIAHUOpi0gScNkjHB0L9XbCin5lZObL+dMBl4OmpndnHgxP3JZDnnGtU6qOzdeh8TYUV9f6Jgmmhlw==",
        "dependencies": {
          "OpenTelemetry.Api.ProviderBuilderExtensions": "[1.18.0, 2.0.0)"
        }
      },
      "OpenTelemetry.Instrumentation.EntityFrameworkCore": {
        "type": "CentralTransitive",
        "requested": "[1.16.0-beta.1, )",
        "resolved": "1.16.0-beta.1",
        "contentHash": "W8rVFb3/MD7EPf4xzFFGJV8ZP1SfI3FduPGyC8gtOJr9hHWGaxmGgqGjjepEk91rX4ZwqGwRB0fabbpVRNEtQg==",
        "dependencies": {
          "OpenTelemetry.Api.ProviderBuilderExtensions": "[1.16.0, 2.0.0)"
        }
      },
      "OpenTelemetry.Instrumentation.Runtime": {
        "type": "CentralTransitive",
        "requested": "[1.*, )",
        "resolved": "1.18.0",
        "contentHash": "McuXGjBJDL/Cown2PxfUQysK98MZG7ZDjO/IKUtaAx8t1m0PB0d+QtJC79RFTVipMhRIwjJiULNOp0OGfZbvwg==",
        "dependencies": {
          "OpenTelemetry.Api": "[1.18.0, 2.0.0)"
        }
      },
      "Riok.Mapperly": {
        "type": "CentralTransitive",
        "requested": "[4.*, )",
        "resolved": "4.3.1",
        "contentHash": "oSE+OVLHyiojrws0QVbQaAT2YKsYbyHqJXPdV7EhGseR/dYgeWS2x1T5qY5I4E+RJkJqMSG+FyZOq4SljWgJWQ=="
      },
      "Serilog.AspNetCore": {
        "type": "CentralTransitive",
        "requested": "[10.*, )",
        "resolved": "10.0.0",
        "contentHash": "a/cNa1mY4On1oJlfGG1wAvxjp5g7OEzk/Jf/nm7NF9cWoE7KlZw1GldrifUBWm9oKibHkR7Lg/l5jy3y7ACR8w==",
        "dependencies": {
          "Serilog": "4.3.0",
          "Serilog.Extensions.Hosting": "10.0.0",
          "Serilog.Formatting.Compact": "3.0.0",
          "Serilog.Settings.Configuration": "10.0.0",
          "Serilog.Sinks.Console": "6.1.1",
          "Serilog.Sinks.Debug": "3.0.0",
          "Serilog.Sinks.File": "7.0.0"
        }
      },
      "Serilog.Extensions.Logging": {
        "type": "CentralTransitive",
        "requested": "[10.*, )",
        "resolved": "10.0.0",
        "contentHash": "vx0kABKl2dWbBhhqAfTOk53/i8aV/5VaT3a6il9gn72Wqs2pM7EK2OB6No6xdqK2IaY6Zf9gdjLuK9BVa2rT+Q==",
        "dependencies": {
          "Serilog": "4.2.0"
        }
      },
      "Serilog.Formatting.Compact": {
        "type": "CentralTransitive",
        "requested": "[3.*, )",
        "resolved": "3.0.0",
        "contentHash": "wQsv14w9cqlfB5FX2MZpNsTawckN4a8dryuNGbebB/3Nh1pXnROHZov3swtu3Nj5oNG7Ba+xdu7Et/ulAUPanQ==",
        "dependencies": {
          "Serilog": "4.0.0"
        }
      },
      "StackExchange.Redis": {
        "type": "CentralTransitive",
        "requested": "[3.*, )",
        "resolved": "3.2.0",
        "contentHash": "TslSZ7wRyEdl2YIl4O4xxL108+oKjNsbHOfM3ujt5oQ6CMFUH4KosmmRXypV+K5GS1JGdI8+e1dZ2HsHrghocg==",
        "dependencies": {
          "RESPite": "3.2.0",
          "System.IO.Hashing": "10.0.12"
        }
      },
      "System.IdentityModel.Tokens.Jwt": {
        "type": "CentralTransitive",
        "requested": "[8.*, )",
        "resolved": "8.22.0",
        "contentHash": "CpXGfNhLl6EgYaOC9XYsc1p7Ci9HtAy0soHJDSBNGse647al4tTq9RDr+LQsrF4Ls79Dx7VfzN34km0W4DWPow==",
        "dependencies": {
          "Microsoft.IdentityModel.JsonWebTokens": "8.22.0",
          "Microsoft.IdentityModel.Tokens": "8.22.0"
        }
      }
    }
  }
}