{
  "version": 1,
  "dependencies": {
    "net10.0": {
      "FluentValidation": {
        "type": "Direct",
        "requested": "[12.*, )",
        "resolved": "12.1.1",
        "contentHash": "EPpkIe1yh1a0OXyC100oOA8WMbZvqUu5plwhvYcb7oSELfyUZzfxV48BLhvs3kKo4NwG7MGLNgy1RJiYtT8Dpw=="
      },
      "Microsoft.AspNetCore.Authentication.JwtBearer": {
        "type": "Direct",
        "requested": "[10.*, )",
        "resolved": "10.0.11",
        "contentHash": "Dy9yElSej0rVQL8LBpCLatWTKXNH6h6VBVFmGndTCf1Wge0jSvH9U8mml6ddVDAQ089q1/fDYlhyukHSgx8unQ==",
        "dependencies": {
          "Microsoft.IdentityModel.Protocols.OpenIdConnect": "8.19.2"
        }
      },
      "Microsoft.AspNetCore.OpenApi": {
        "type": "Direct",
        "requested": "[10.*, )",
        "resolved": "10.0.11",
        "contentHash": "R/1EATnPLU+gRfB6lwVkMcymmyAY5ppBBdRN/5lhNEiT3xP1sWccuSFkU/f1lQvN/WgRq5Vn8AhCdE3fqgsL/w==",
        "dependencies": {
          "Microsoft.OpenApi": "[2.7.5, 3.0.0)"
        }
      },
      "Microsoft.EntityFrameworkCore.Design": {
        "type": "Direct",
        "requested": "[10.*, )",
        "resolved": "10.0.11",
        "contentHash": "0zlzPs/jtrp2jGNZSxHLd0bRgDB/TlCDT17pnt8hovTVgCmC6qbX1277/goAlnZbRip1mZp1TVjjG+tj9PQ/Uw==",
        "dependencies": {
          "Humanizer.Core": "2.14.1",
          "Microsoft.Build.Framework": "18.0.2",
          "Microsoft.CodeAnalysis.CSharp": "5.0.0",
          "Microsoft.CodeAnalysis.CSharp.Workspaces": "5.0.0",
          "Microsoft.CodeAnalysis.Workspaces.MSBuild": "5.0.0",
          "Microsoft.EntityFrameworkCore.Relational": "10.0.11",
          "Microsoft.Extensions.DependencyModel": "10.0.11",
          "Mono.TextTemplating": "3.0.0",
          "Newtonsoft.Json": "13.0.4"
        }
      },
      "Microsoft.OpenApi": {
        "type": "Direct",
        "requested": "[2.12.0, )",
        "resolved": "2.12.0",
        "contentHash": "0xB/be+f6qYOhvQPUrVsLrau+fkowYv6gt9RIkajMhwT7sZnqtcA797yW3bS5kgSje+AQW4xZgyLnW641YFioQ=="
      },
      "OpenTelemetry.Exporter.OpenTelemetryProtocol": {
        "type": "Direct",
        "requested": "[1.*, )",
        "resolved": "1.17.0",
        "contentHash": "R1omQOrQpGlS0Cp5UIr/TAiuEA48JrPlgr1NPV5gESiTU7HhWU+ILe2EBSYb1fKdsSavZ7nZkHcUxAzofPqr2A==",
        "dependencies": {
          "OpenTelemetry": "1.17.0"
        }
      },
      "OpenTelemetry.Extensions.Hosting": {
        "type": "Direct",
        "requested": "[1.*, )",
        "resolved": "1.17.0",
        "contentHash": "t1OwL/4qgboGMobYVT+UV5zgWnFqCp4Pw8lcsmzh8m2K8PQsTKkyxrC32tqYTMYny3GOW4q5cltE3dTVzLmRew==",
        "dependencies": {
          "OpenTelemetry": "1.17.0"
        }
      },
      "OpenTelemetry.Instrumentation.AspNetCore": {
        "type": "Direct",
        "requested": "[1.*, )",
        "resolved": "1.17.0",
        "contentHash": "rGbmk1vuy1kvgZmE0ps7Vb99YZvDap6AalrrF60FwnNit1uW/PbeFZj1cpb0T8MPkYmjhBrRJ1/JB6QqXkRjHA==",
        "dependencies": {
          "OpenTelemetry.Api.ProviderBuilderExtensions": "[1.17.0, 2.0.0)"
        }
      },
      "OpenTelemetry.Instrumentation.EntityFrameworkCore": {
        "type": "Direct",
        "requested": "[1.16.0-beta.1, )",
        "resolved": "1.16.0-beta.1",
        "contentHash": "W8rVFb3/MD7EPf4xzFFGJV8ZP1SfI3FduPGyC8gtOJr9hHWGaxmGgqGjjepEk91rX4ZwqGwRB0fabbpVRNEtQg==",
        "dependencies": {
          "OpenTelemetry.Api.ProviderBuilderExtensions": "[1.16.0, 2.0.0)"
        }
      },
      "OpenTelemetry.Instrumentation.Runtime": {
        "type": "Direct",
        "requested": "[1.*, )",
        "resolved": "1.17.0",
        "contentHash": "HyYenisDn/xdtyVXdjImsCl+RNC2gq01N0rvSR7tsYAylXR2sxX/YgMsyTajMXA27+r1vB7lNU8cWRhV0fwL+Q==",
        "dependencies": {
          "OpenTelemetry.Api": "[1.17.0, 2.0.0)"
        }
      },
      "Serilog.AspNetCore": {
        "type": "Direct",
        "requested": "[10.*, )",
        "resolved": "10.0.0",
        "contentHash": "a/cNa1mY4On1oJlfGG1wAvxjp5g7OEzk/Jf/nm7NF9cWoE7KlZw1GldrifUBWm9oKibHkR7Lg/l5jy3y7ACR8w==",
        "dependencies": {
          "Serilog": "4.3.0",
          "Serilog.Extensions.Hosting": "10.0.0",
          "Serilog.Formatting.Compact": "3.0.0",
          "Serilog.Settings.Configuration": "10.0.0",
          "Serilog.Sinks.Console": "6.1.1",
          "Serilog.Sinks.Debug": "3.0.0",
          "Serilog.Sinks.File": "7.0.0"
        }
      },
      "Serilog.Formatting.Compact": {
        "type": "Direct",
        "requested": "[3.*, )",
        "resolved": "3.0.0",
        "contentHash": "wQsv14w9cqlfB5FX2MZpNsTawckN4a8dryuNGbebB/3Nh1pXnROHZov3swtu3Nj5oNG7Ba+xdu7Et/ulAUPanQ==",
        "dependencies": {
          "Serilog": "4.0.0"
        }
      },
      "Humanizer.Core": {
        "type": "Transitive",
        "resolved": "2.14.1",
        "contentHash": "lQKvtaTDOXnoVJ20ibTuSIOf2i0uO0MPbDhd1jm238I+U/2ZnRENj0cktKZhtchBMtCUSRQ5v4xBCUbKNmyVMw=="
      },
      "Microsoft.AspNetCore.Identity.EntityFrameworkCore": {
        "type": "Transitive",
        "resolved": "10.0.11",
        "contentHash": "N3+Fs465t08FyrQ+uoQyYH6TehLjtuGr/v5IjlFZANBbsivq9M5xFCVD25Ktq+HpWCfWXIrRjoakgymzO2trlw==",
        "dependencies": {
          "Microsoft.EntityFrameworkCore.Relational": "10.0.11"
        }
      },
      "Microsoft.Bcl.Cryptography": {
        "type": "Transitive",
        "resolved": "10.0.2",
        "contentHash": "LG9Yll3B5aNpxv0+D47g6LiOiKBIlodhcHdQwcYzo8VeexFLGqx5ymetmA2aBRyo9cCcWsQWrFsdbsr8LvmWDw=="
      },
      "Microsoft.Build.Framework": {
        "type": "Transitive",
        "resolved": "18.0.2",
        "contentHash": "sOSb+0J4G/jCBW/YqmRuL0eOMXgfw1KQLdC9TkbvfA5xs7uNm+PBQXJCOzSJGXtZcZrtXozcwxPmUiRUbmd7FA=="
      },
      "Microsoft.CodeAnalysis.Analyzers": {
        "type": "Transitive",
        "resolved": "3.11.0",
        "contentHash": "v/EW3UE8/lbEYHoC2Qq7AR/DnmvpgdtAMndfQNmpuIMx/Mto8L5JnuCfdBYtgvalQOtfNCnxFejxuRrryvUTsg=="
      },
      "Microsoft.CodeAnalysis.Common": {
        "type": "Transitive",
        "resolved": "5.0.0",
        "contentHash": "ZXRAdvH6GiDeHRyd3q/km8Z44RoM6FBWHd+gen/la81mVnAdHTEsEkO5J0TCNXBymAcx5UYKt5TvgKBhaLJEow==",
        "dependencies": {
          "Microsoft.CodeAnalysis.Analyzers": "3.11.0"
        }
      },
      "Microsoft.CodeAnalysis.CSharp": {
        "type": "Transitive",
        "resolved": "5.0.0",
        "contentHash": "5DSyJ9bk+ATuDy7fp2Zt0mJStDVKbBoiz1DyfAwSa+k4H4IwykAUcV3URelw5b8/iVbfSaOwkwmPUZH6opZKCw==",
        "dependencies": {
          "Microsoft.CodeAnalysis.Analyzers": "3.11.0",
          "Microsoft.CodeAnalysis.Common": "[5.0.0]"
        }
      },
      "Microsoft.CodeAnalysis.CSharp.Workspaces": {
        "type": "Transitive",
        "resolved": "5.0.0",
        "contentHash": "Al/Q8B+yO8odSqGVpSvrShMFDvlQdIBU//F3E6Rb0YdiLSALE9wh/pvozPNnfmh5HDnvU+mkmSjpz4hQO++jaA==",
        "dependencies": {
          "Humanizer.Core": "2.14.1",
          "Microsoft.CodeAnalysis.Analyzers": "3.11.0",
          "Microsoft.CodeAnalysis.CSharp": "[5.0.0]",
          "Microsoft.CodeAnalysis.Common": "[5.0.0]",
          "Microsoft.CodeAnalysis.Workspaces.Common": "[5.0.0]",
          "System.Composition": "9.0.0"
        }
      },
      "Microsoft.CodeAnalysis.Workspaces.Common": {
        "type": "Transitive",
        "resolved": "5.0.0",
        "contentHash": "ZbUmIvT6lqTNKiv06Jl5wf0MTMi1vQ1oH7ou4CLcs2C/no/L7EhP3T8y3XXvn9VbqMcJaJnEsNA1jwYUMgc5jg==",
        "dependencies": {
          "Humanizer.Core": "2.14.1",
          "Microsoft.CodeAnalysis.Analyzers": "3.11.0",
          "Microsoft.CodeAnalysis.Common": "[5.0.0]",
          "System.Composition": "9.0.0"
        }
      },
      "Microsoft.CodeAnalysis.Workspaces.MSBuild": {
        "type": "Transitive",
        "resolved": "5.0.0",
        "contentHash": "/G+LVoAGMz6Ae8nm+PGLxSw+F5RjYx/J7irbTO5uKAPw1bxHyQJLc/YOnpDxt+EpPtYxvC9wvBsg/kETZp1F9Q==",
        "dependencies": {
          "Humanizer.Core": "2.14.1",
          "Microsoft.Build.Framework": "17.11.31",
          "Microsoft.CodeAnalysis.Analyzers": "3.11.0",
          "Microsoft.CodeAnalysis.Workspaces.Common": "[5.0.0]",
          "Microsoft.VisualStudio.SolutionPersistence": "1.0.52",
          "Newtonsoft.Json": "13.0.3",
          "System.Composition": "9.0.0"
        }
      },
      "Microsoft.EntityFrameworkCore": {
        "type": "Transitive",
        "resolved": "10.0.11",
        "contentHash": "VOSGU8en6HZJs8t7UMFN+9vGcRgVOOn6fA44Ngcg2NyvJ3P1KE94iAb0XzaVaGhXGtt+qaM/VtEn0/hzluQJeg==",
        "dependencies": {
          "Microsoft.EntityFrameworkCore.Abstractions": "10.0.11",
          "Microsoft.EntityFrameworkCore.Analyzers": "10.0.11"
        }
      },
      "Microsoft.EntityFrameworkCore.Abstractions": {
        "type": "Transitive",
        "resolved": "10.0.11",
        "contentHash": "6auJR+9+9VunznKfH7WGrHMrnrmA0F7JZ22EXzwXvVhjfnbu9Xq7NSIWaOf3KJsOanM2qf5ajJ2JR5TlcPZTLA=="
      },
      "Microsoft.EntityFrameworkCore.Analyzers": {
        "type": "Transitive",
        "resolved": "10.0.11",
        "contentHash": "Bv7X4wSSnzCQED9WYXKJ8fwgyvKwf0xZM1GO8xkf6CF9zl+UBnvjxmcPnokJRy0JKjc1SlHSzzhx1HcL4jitTQ=="
      },
      "Microsoft.EntityFrameworkCore.Relational": {
        "type": "Transitive",
        "resolved": "10.0.11",
        "contentHash": "grznnTJgEYxaWpdKAsTzg6j+89jHgCXWYp+QGtlX5O92+w/VuhWM6JLPYb+uw8M9VhGUvOTsO76dYOy9vNPd5Q==",
        "dependencies": {
          "Microsoft.EntityFrameworkCore": "10.0.11"
        }
      },
      "Microsoft.Extensions.DependencyModel": {
        "type": "Transitive",
        "resolved": "10.0.11",
        "contentHash": "PJPtFYsZ+r+uz9qqXWUTEyKeJ1EiBGIJtqavkg9ZXijjGSFAk4Fgi5sqIxj+uAyLZwEKgexDUQXhWhvU6l3+og=="
      },
      "Microsoft.IdentityModel.Abstractions": {
        "type": "Transitive",
        "resolved": "8.22.0",
        "contentHash": "LU3V3owsu4vGpCg2kyL7SsQEuHwcoJ8FSNBqzLADzCf3/PcKUTcx5Plsd51DoTJMfK/WigXV/03UhaN5JXE6uQ=="
      },
      "Microsoft.IdentityModel.JsonWebTokens": {
        "type": "Transitive",
        "resolved": "8.22.0",
        "contentHash": "kv6peMLjALZLDAy2H3F77KjVRdwiscn2p/g3ui2chcbuEcAX2MpAbyDcYnJ7Vyh8jZ1aJWrniUMCDWoOgnu4NQ==",
        "dependencies": {
          "Microsoft.IdentityModel.Tokens": "8.22.0"
        }
      },
      "Microsoft.IdentityModel.Logging": {
        "type": "Transitive",
        "resolved": "8.22.0",
        "contentHash": "G9Tl0yXSlr2pkXv4EpXjO16M4q6oo9N/od+gNyOusZ8yM8LZg1H3f/QOMFuOJiV6znzY5MkAREU97JRRnqpEQw==",
        "dependencies": {
          "Microsoft.IdentityModel.Abstractions": "8.22.0"
        }
      },
      "Microsoft.IdentityModel.Protocols": {
        "type": "Transitive",
        "resolved": "8.19.2",
        "contentHash": "sGxSsSrZXNmca6D+jHH2rVRyo2nNRd/g4H9CFbPmLLq0xgoH1U0orLWE5minfijw7+zq49tBs7txenbfAErRoQ==",
        "dependencies": {
          "Microsoft.IdentityModel.Tokens": "8.19.2"
        }
      },
      "Microsoft.IdentityModel.Protocols.OpenIdConnect": {
        "type": "Transitive",
        "resolved": "8.19.2",
        "contentHash": "1XOcyY36cVymzE3qKdzKaUEZ4Pzt7ZpSa14JZoPPK1NLFUkQDs85TCqpV6XDo0YjFXj6nVK00AfOHppjghjhtw==",
        "dependencies": {
          "Microsoft.IdentityModel.Protocols": "8.19.2",
          "System.IdentityModel.Tokens.Jwt": "8.19.2"
        }
      },
      "Microsoft.IdentityModel.Tokens": {
        "type": "Transitive",
        "resolved": "8.22.0",
        "contentHash": "i4lywKKUuVmheCUA+w/q8QNPReNI0qanHI9hhz48AFqD1ljyb8sxPL2RbXOGiPV13XdJ4kxieL9ukS7tD43LxA==",
        "dependencies": {
          "Microsoft.Bcl.Cryptography": "10.0.2",
          "Microsoft.IdentityModel.Logging": "8.22.0"
        }
      },
      "Microsoft.VisualStudio.SolutionPersistence": {
        "type": "Transitive",
        "resolved": "1.0.52",
        "contentHash": "oNv2JtYXhpdJrX63nibx1JT3uCESOBQ1LAk7Dtz/sr0+laW0KRM6eKp4CZ3MHDR2siIkKsY8MmUkeP5DKkQQ5w=="
      },
      "Mono.TextTemplating": {
        "type": "Transitive",
        "resolved": "3.0.0",
        "contentHash": "YqueG52R/Xej4VVbKuRIodjiAhV0HR/XVbLbNrJhCZnzjnSjgMJ/dCdV0akQQxavX6hp/LC6rqLGLcXeQYU7XA==",
        "dependencies": {
          "System.CodeDom": "6.0.0"
        }
      },
      "Newtonsoft.Json": {
        "type": "Transitive",
        "resolved": "13.0.4",
        "contentHash": "pdgNNMai3zv51W5aq268sujXUyx7SNdE2bj1wZcWjAQrKMFZV260lbqYop1d2GM67JI1huLRwxo9ZqnfF/lC6A=="
      },
      "Npgsql": {
        "type": "Transitive",
        "resolved": "10.0.3",
        "contentHash": "7nb5YzXuvWWJxB0J8DiyL3we+X4FOctZrt0fIBnucOIaIevFEEwGQVZKtiu9olXdlNAK1eNgqSral6r/jlhI4w=="
      },
      "Npgsql.EntityFrameworkCore.PostgreSQL": {
        "type": "Transitive",
        "resolved": "10.0.3",
        "contentHash": "IPGrrZnRkuW7OlHDhUESZz4G5DLkW7Nej/O3Cx+0iTsgyU5XJxBgpsvTHLloo3WWuAKKbDHXBvWPVkX1deRh1Q==",
        "dependencies": {
          "Microsoft.EntityFrameworkCore": "[10.0.4, 11.0.0)",
          "Microsoft.EntityFrameworkCore.Relational": "[10.0.4, 11.0.0)",
          "Npgsql": "10.0.3"
        }
      },
      "OpenTelemetry": {
        "type": "Transitive",
        "resolved": "1.17.0",
        "contentHash": "rMLOTftlMlTm7+MSrvXDHnJRjVkROFNKXHZrYjOsX+LankaFG7QSflx7qRRGjoqZoirohnxmJQ7GEb9occO4Gg==",
        "dependencies": {
          "OpenTelemetry.Api.ProviderBuilderExtensions": "1.17.0"
        }
      },
      "OpenTelemetry.Api": {
        "type": "Transitive",
        "resolved": "1.17.0",
        "contentHash": "mSBxzomZgHIJu9CyVNqyDu/n2JHEtqVgfcCD1Br0cV5iLYogjZOMqhlVLt99PEp+0KGBNUR3GXgeOdN2GR3F9g=="
      },
      "OpenTelemetry.Api.ProviderBuilderExtensions": {
        "type": "Transitive",
        "resolved": "1.17.0",
        "contentHash": "Xgc3Qf9B9TFMFpx6exTdGqMWuYIT2miNzkdMPutVvT9YuMFaEovXWke1Gb6z8NxYaQbbGF38vYLuSg1JCeui5Q==",
        "dependencies": {
          "OpenTelemetry.Api": "1.17.0"
        }
      },
      "RESPite": {
        "type": "Transitive",
        "resolved": "3.1.13",
        "contentHash": "wqViG+Dl4Ln/X33IyfmciyGirm1ET+M7kjwbb+oJAbDXLP2u2hX1eOnaEgyIAerJNSP98BytyddcW3ZQH55wgw=="
      },
      "Riok.Mapperly": {
        "type": "Transitive",
        "resolved": "4.3.1",
        "contentHash": "oSE+OVLHyiojrws0QVbQaAT2YKsYbyHqJXPdV7EhGseR/dYgeWS2x1T5qY5I4E+RJkJqMSG+FyZOq4SljWgJWQ=="
      },
      "Serilog": {
        "type": "Transitive",
        "resolved": "4.3.0",
        "contentHash": "+cDryFR0GRhsGOnZSKwaDzRRl4MupvJ42FhCE4zhQRVanX0Jpg6WuCBk59OVhVDPmab1bB+nRykAnykYELA9qQ=="
      },
      "Serilog.Extensions.Hosting": {
        "type": "Transitive",
        "resolved": "10.0.0",
        "contentHash": "E7juuIc+gzoGxgzFooFgAV8g9BfiSXNKsUok9NmEpyAXg2odkcPsMa/Yo4axkJRlh0se7mkYQ1GXDaBemR+b6w==",
        "dependencies": {
          "Serilog": "4.3.0",
          "Serilog.Extensions.Logging": "10.0.0"
        }
      },
      "Serilog.Extensions.Logging": {
        "type": "Transitive",
        "resolved": "10.0.0",
        "contentHash": "vx0kABKl2dWbBhhqAfTOk53/i8aV/5VaT3a6il9gn72Wqs2pM7EK2OB6No6xdqK2IaY6Zf9gdjLuK9BVa2rT+Q==",
        "dependencies": {
          "Serilog": "4.2.0"
        }
      },
      "Serilog.Settings.Configuration": {
        "type": "Transitive",
        "resolved": "10.0.0",
        "contentHash": "LNq+ibS1sbhTqPV1FIE69/9AJJbfaOhnaqkzcjFy95o+4U+STsta9mi97f1smgXsWYKICDeGUf8xUGzd/52/uA==",
        "dependencies": {
          "Microsoft.Extensions.DependencyModel": "10.0.0",
          "Serilog": "4.3.0"
        }
      },
      "Serilog.Sinks.Console": {
        "type": "Transitive",
        "resolved": "6.1.1",
        "contentHash": "8jbqgjUyZlfCuSTaJk6lOca465OndqOz3KZP6Cryt/IqZYybyBu7GP0fE/AXBzrrQB3EBmQntBFAvMVz1COvAA==",
        "dependencies": {
          "Serilog": "4.0.0"
        }
      },
      "Serilog.Sinks.Debug": {
        "type": "Transitive",
        "resolved": "3.0.0",
        "contentHash": "4BzXcdrgRX7wde9PmHuYd9U6YqycCC28hhpKonK7hx0wb19eiuRj16fPcPSVp0o/Y1ipJuNLYQ00R3q2Zs8FDA==",
        "dependencies": {
          "Serilog": "4.0.0"
        }
      },
      "Serilog.Sinks.File": {
        "type": "Transitive",
        "resolved": "7.0.0",
        "contentHash": "fKL7mXv7qaiNBUC71ssvn/dU0k9t0o45+qm2XgKAlSt19xF+ijjxyA3R6HmCgfKEKwfcfkwWjayuQtRueZFkYw==",
        "dependencies": {
          "Serilog": "4.2.0"
        }
      },
      "StackExchange.Redis": {
        "type": "Transitive",
        "resolved": "3.1.13",
        "contentHash": "OvhFdV2ucee2hnN2v2EOcOTMvIzGsq1PX4kAbIYC8cax+MyabSa7Eu3hWY6D//SbxzZQ/eYFvD8Tvg+pK+969g==",
        "dependencies": {
          "RESPite": "3.1.13",
          "System.IO.Hashing": "10.0.5"
        }
      },
      "System.CodeDom": {
        "type": "Transitive",
        "resolved": "6.0.0",
        "contentHash": "CPc6tWO1LAer3IzfZufDBRL+UZQcj5uS207NHALQzP84Vp/z6wF0Aa0YZImOQY8iStY0A2zI/e3ihKNPfUm8XA=="
      },
      "System.Composition": {
        "type": "Transitive",
        "resolved": "9.0.0",
        "contentHash": "3Djj70fFTraOarSKmRnmRy/zm4YurICm+kiCtI0dYRqGJnLX6nJ+G3WYuFJ173cAPax/gh96REcbNiVqcrypFQ==",
        "dependencies": {
          "System.Composition.AttributedModel": "9.0.0",
          "System.Composition.Convention": "9.0.0",
          "System.Composition.Hosting": "9.0.0",
          "System.Composition.Runtime": "9.0.0",
          "System.Composition.TypedParts": "9.0.0"
        }
      },
      "System.Composition.AttributedModel": {
        "type": "Transitive",
        "resolved": "9.0.0",
        "contentHash": "iri00l/zIX9g4lHMY+Nz0qV1n40+jFYAmgsaiNn16xvt2RDwlqByNG4wgblagnDYxm3YSQQ0jLlC/7Xlk9CzyA=="
      },
      "System.Composition.Convention": {
        "type": "Transitive",
        "resolved": "9.0.0",
        "contentHash": "+vuqVP6xpi582XIjJi6OCsIxuoTZfR0M7WWufk3uGDeCl3wGW6KnpylUJ3iiXdPByPE0vR5TjJgR6hDLez4FQg==",
        "dependencies": {
          "System.Composition.AttributedModel": "9.0.0"
        }
      },
      "System.Composition.Hosting": {
        "type": "Transitive",
        "resolved": "9.0.0",
        "contentHash": "OFqSeFeJYr7kHxDfaViGM1ymk7d4JxK//VSoNF9Ux0gpqkLsauDZpu89kTHHNdCWfSljbFcvAafGyBoY094btQ==",
        "dependencies": {
          "System.Composition.Runtime": "9.0.0"
        }
      },
      "System.Composition.Runtime": {
        "type": "Transitive",
        "resolved": "9.0.0",
        "contentHash": "w1HOlQY1zsOWYussjFGZCEYF2UZXgvoYnS94NIu2CBnAGMbXFAX8PY8c92KwUItPmowal68jnVLBCzdrWLeEKA=="
      },
      "System.Composition.TypedParts": {
        "type": "Transitive",
        "resolved": "9.0.0",
        "contentHash": "aRZlojCCGEHDKqh43jaDgaVpYETsgd7Nx4g1zwLKMtv4iTo0627715ajEFNpEEBTgLmvZuv8K0EVxc3sM4NWJA==",
        "dependencies": {
          "System.Composition.AttributedModel": "9.0.0",
          "System.Composition.Hosting": "9.0.0",
          "System.Composition.Runtime": "9.0.0"
        }
      },
      "System.IdentityModel.Tokens.Jwt": {
        "type": "Transitive",
        "resolved": "8.22.0",
        "contentHash": "CpXGfNhLl6EgYaOC9XYsc1p7Ci9HtAy0soHJDSBNGse647al4tTq9RDr+LQsrF4Ls79Dx7VfzN34km0W4DWPow==",
        "dependencies": {
          "Microsoft.IdentityModel.JsonWebTokens": "8.22.0",
          "Microsoft.IdentityModel.Tokens": "8.22.0"
        }
      },
      "System.IO.Hashing": {
        "type": "Transitive",
        "resolved": "10.0.5",
        "contentHash": "8IBJWcCT9+e4Bmevm4T7+fQEiAh133KGiz4oiVTgJckd3Q76OFdR1falgn9lpz7+C4HJvogCDJeAa2QmvbeVtg=="
      },
      "cluckwork.application": {
        "type": "Project",
        "dependencies": {
          "Cluckwork.Domain": "[1.0.0, )",
          "FluentValidation": "[12.*, )",
          "Riok.Mapperly": "[4.*, )"
        }
      },
      "cluckwork.domain": {
        "type": "Project"
      },
      "cluckwork.infrastructure": {
        "type": "Project",
        "dependencies": {
          "Cluckwork.Application": "[1.0.0, )",
          "Cluckwork.Domain": "[1.0.0, )",
          "FluentValidation": "[12.*, )",
          "Microsoft.AspNetCore.Identity.EntityFrameworkCore": "[10.*, )",
          "Microsoft.EntityFrameworkCore": "[10.*, )",
          "Npgsql.EntityFrameworkCore.PostgreSQL": "[10.*, )",
          "Serilog.Extensions.Logging": "[10.*, )",
          "StackExchange.Redis": "[3.*, )",
          "System.IdentityModel.Tokens.Jwt": "[8.*, )"
        }
      }
    }
  }
}